{
  "object": {
    "pins": [
      {
        "package": "swift-custom-dump",
        "repositoryURL": "https://github.com/pointfreeco/swift-custom-dump",
        "state": {
          "branch": null,
          "revision": "ead7d30cc224c3642c150b546f4f1080d1c411a8",
          "version": "0.6.1"
        }
      },
      {
        "package": "swift-tagged",
        "repositoryURL": "https://github.com/jaredh159/swift-tagged.git",
        "state": {
          "branch": null,
          "revision": "cb4284055f6e9cc5576ff9be13723b3a039905a5",
          "version": "0.8.2"
        }
      },
      {
        "package": "xctest-dynamic-overlay",
        "repositoryURL": "https://github.com/pointfreeco/xctest-dynamic-overlay",
        "state": {
          "branch": null,
          "revision": "16b23a295fa322eb957af98037f86791449de60f",
          "version": "0.8.1"
        }
      }
    ]
  },
  "version": 1
}
