// !$*UTF8*$!
{
	archiveVersion = 1;
	classes = {
	};
	objectVersion = 54;
	objects = {

/* Begin PBXBuildFile section */
		7F0B887029C21561001E9427 /* NetworkExtension.framework in Frameworks */ = {isa = PBXBuildFile; fileRef = 7F0B886F29C21561001E9427 /* NetworkExtension.framework */; };
		7F0B887129C2156D001E9427 /* NetworkExtension.framework in Frameworks */ = {isa = PBXBuildFile; fileRef = 7F0B886F29C21561001E9427 /* NetworkExtension.framework */; };
		7F0C36322B8FBC2F00CD7621 /* Relauncher in Frameworks */ = {isa = PBXBuildFile; productRef = 7F0C36312B8FBC2F00CD7621 /* Relauncher */; };
		7F1ADE0129E99F6600F1395C /* Core in Frameworks */ = {isa = PBXBuildFile; productRef = 7F1ADE0029E99F6600F1395C /* Core */; };
		7F3BA9B829C214BA00C4FAF1 /* App in Frameworks */ = {isa = PBXBuildFile; productRef = 7F3BA9B729C214BA00C4FAF1 /* App */; };
		7F51420F261D000300A66260 /* com.netrivet.gertrude.filter-extension.systemextension in Embed System Extensions */ = {isa = PBXBuildFile; fileRef = 7F94DC6E261CEA75002D4534 /* com.netrivet.gertrude.filter-extension.systemextension */; settings = {ATTRIBUTES = (RemoveHeadersOnCopy, ); }; };
		7F53C599299FF6CA0097285A /* WebViews in Resources */ = {isa = PBXBuildFile; fileRef = 7F53C598299FF6CA0097285A /* WebViews */; };
		7F8121052A1D3B7100A3E4E5 /* LiveAppClient in Frameworks */ = {isa = PBXBuildFile; productRef = 7F8121042A1D3B7100A3E4E5 /* LiveAppClient */; };
		7F94DC8C261CF092002D4534 /* main.swift in Sources */ = {isa = PBXBuildFile; fileRef = 7F94DC8B261CF092002D4534 /* main.swift */; };
		7FA3E6A22B851F0E00A4CE5C /* main.swift in Sources */ = {isa = PBXBuildFile; fileRef = 7FA3E6A12B851F0E00A4CE5C /* main.swift */; };
		7FA3E6A72B851FDA00A4CE5C /* GertrudeHelper in CopyFiles */ = {isa = PBXBuildFile; fileRef = 7FA3E69F2B851F0E00A4CE5C /* GertrudeHelper */; settings = {ATTRIBUTES = (CodeSignOnCopy, ); }; };
		7FD8DCA629C221E0003D135A /* LiveApiClient in Frameworks */ = {isa = PBXBuildFile; productRef = 7FD8DCA529C221E0003D135A /* LiveApiClient */; };
		7FD8DCAD29CF1CCC003D135A /* Filter in Frameworks */ = {isa = PBXBuildFile; productRef = 7FD8DCAC29CF1CCC003D135A /* Filter */; };
		7FD8DCAF29CF6C8D003D135A /* LiveFilterExtensionClient in Frameworks */ = {isa = PBXBuildFile; productRef = 7FD8DCAE29CF6C8D003D135A /* LiveFilterExtensionClient */; };
		7FD8DCB129CF6C8D003D135A /* LiveFilterXPCClient in Frameworks */ = {isa = PBXBuildFile; productRef = 7FD8DCB029CF6C8D003D135A /* LiveFilterXPCClient */; };
		7FE1DF622A016CA000CF1274 /* LiveUpdaterClient in Frameworks */ = {isa = PBXBuildFile; productRef = 7FE1DF612A016CA000CF1274 /* LiveUpdaterClient */; };
		7FE1DF642A16889C00CF1274 /* LiveWebSocketClient in Frameworks */ = {isa = PBXBuildFile; productRef = 7FE1DF632A16889C00CF1274 /* LiveWebSocketClient */; };
		7FF3CD4C2992C99000387D3C /* AppDelegate.swift in Sources */ = {isa = PBXBuildFile; fileRef = 7FF3CD4B2992C99000387D3C /* AppDelegate.swift */; };
		C40A5C4B229DD6A500627D50 /* main.swift in Sources */ = {isa = PBXBuildFile; fileRef = C40A5C4A229DD6A500627D50 /* main.swift */; };
		C40A5C57229DD93200627D50 /* FilterDataProvider.swift in Sources */ = {isa = PBXBuildFile; fileRef = C4E0DBB42273BEA0005B02F4 /* FilterDataProvider.swift */; };
		C4B45DBD2273A0020050C59B /* Assets.xcassets in Resources */ = {isa = PBXBuildFile; fileRef = C4B45DBC2273A0020050C59B /* Assets.xcassets */; };
/* End PBXBuildFile section */

/* Begin PBXContainerItemProxy section */
		C40A5C4E229DD6A500627D50 /* PBXContainerItemProxy */ = {
			isa = PBXContainerItemProxy;
			containerPortal = C4B45DAD22739FFF0050C59B /* Project object */;
			proxyType = 1;
			remoteGlobalIDString = C40A5C44229DD6A500627D50;
			remoteInfo = GertrudeFilterExtension;
		};
/* End PBXContainerItemProxy section */

/* Begin PBXCopyFilesBuildPhase section */
		7FA3E69D2B851F0E00A4CE5C /* CopyFiles */ = {
			isa = PBXCopyFilesBuildPhase;
			buildActionMask = 2147483647;
			dstPath = /usr/share/man/man1/;
			dstSubfolderSpec = 0;
			files = (
			);
			runOnlyForDeploymentPostprocessing = 1;
		};
		7FA3E6A62B851FC100A4CE5C /* CopyFiles */ = {
			isa = PBXCopyFilesBuildPhase;
			buildActionMask = 2147483647;
			dstPath = "";
			dstSubfolderSpec = 12;
			files = (
				7FA3E6A72B851FDA00A4CE5C /* GertrudeHelper in CopyFiles */,
			);
			runOnlyForDeploymentPostprocessing = 0;
		};
		C40A5C51229DD6A500627D50 /* Embed System Extensions */ = {
			isa = PBXCopyFilesBuildPhase;
			buildActionMask = 2147483647;
			dstPath = "$(SYSTEM_EXTENSIONS_FOLDER_PATH)";
			dstSubfolderSpec = 16;
			files = (
				7F51420F261D000300A66260 /* com.netrivet.gertrude.filter-extension.systemextension in Embed System Extensions */,
			);
			name = "Embed System Extensions";
			runOnlyForDeploymentPostprocessing = 0;
		};
/* End PBXCopyFilesBuildPhase section */

/* Begin PBXFileReference section */
		7F0B886F29C21561001E9427 /* NetworkExtension.framework */ = {isa = PBXFileReference; lastKnownFileType = wrapper.framework; name = NetworkExtension.framework; path = System/Library/Frameworks/NetworkExtension.framework; sourceTree = SDKROOT; };
		7F3BA9B629C214AB00C4FAF1 /* App */ = {isa = PBXFileReference; lastKnownFileType = wrapper; name = App; path = ../App; sourceTree = "<group>"; };
		7F4D0E4D2628B9450060281F /* libbsm.tbd */ = {isa = PBXFileReference; lastKnownFileType = "sourcecode.text-based-dylib-definition"; name = libbsm.tbd; path = usr/lib/libbsm.tbd; sourceTree = SDKROOT; };
		7F53C598299FF6CA0097285A /* WebViews */ = {isa = PBXFileReference; lastKnownFileType = folder; path = WebViews; sourceTree = "<group>"; };
		7F5476DD299BCFF30084F682 /* Filter */ = {isa = PBXFileReference; lastKnownFileType = wrapper; name = Filter; path = ../Filter; sourceTree = "<group>"; };
		7F94DC6D261CEA75002D4534 /* Gertrude.app */ = {isa = PBXFileReference; explicitFileType = wrapper.application; includeInIndex = 0; path = Gertrude.app; sourceTree = BUILT_PRODUCTS_DIR; };
		7F94DC6E261CEA75002D4534 /* com.netrivet.gertrude.filter-extension.systemextension */ = {isa = PBXFileReference; explicitFileType = "wrapper.system-extension"; includeInIndex = 0; path = "com.netrivet.gertrude.filter-extension.systemextension"; sourceTree = BUILT_PRODUCTS_DIR; };
		7F94DC8B261CF092002D4534 /* main.swift */ = {isa = PBXFileReference; lastKnownFileType = sourcecode.swift; path = main.swift; sourceTree = "<group>"; };
		7FA3E69F2B851F0E00A4CE5C /* GertrudeHelper */ = {isa = PBXFileReference; explicitFileType = "compiled.mach-o.executable"; includeInIndex = 0; path = GertrudeHelper; sourceTree = BUILT_PRODUCTS_DIR; };
		7FA3E6A12B851F0E00A4CE5C /* main.swift */ = {isa = PBXFileReference; lastKnownFileType = sourcecode.swift; path = main.swift; sourceTree = "<group>"; };
		7FA3E6A82B8659C500A4CE5C /* GertrudeRelauncher.entitlements */ = {isa = PBXFileReference; fileEncoding = 4; lastKnownFileType = text.plist.entitlements; path = GertrudeRelauncher.entitlements; sourceTree = "<group>"; };
		7FF3CD4B2992C99000387D3C /* AppDelegate.swift */ = {isa = PBXFileReference; lastKnownFileType = sourcecode.swift; path = AppDelegate.swift; sourceTree = "<group>"; };
		C40A5C4A229DD6A500627D50 /* main.swift */ = {isa = PBXFileReference; lastKnownFileType = sourcecode.swift; path = main.swift; sourceTree = "<group>"; };
		C40A5C4C229DD6A500627D50 /* Info.plist */ = {isa = PBXFileReference; lastKnownFileType = text.plist.xml; path = Info.plist; sourceTree = "<group>"; };
		C40A5C4D229DD6A500627D50 /* GertrudeFilterExtension.entitlements */ = {isa = PBXFileReference; lastKnownFileType = text.plist.entitlements; path = GertrudeFilterExtension.entitlements; sourceTree = "<group>"; };
		C4B45DBC2273A0020050C59B /* Assets.xcassets */ = {isa = PBXFileReference; lastKnownFileType = folder.assetcatalog; path = Assets.xcassets; sourceTree = "<group>"; };
		C4B45DC12273A0020050C59B /* Info.plist */ = {isa = PBXFileReference; lastKnownFileType = text.plist.xml; path = Info.plist; sourceTree = "<group>"; };
		C4B45DC22273A0020050C59B /* Gertrude.entitlements */ = {isa = PBXFileReference; lastKnownFileType = text.plist.entitlements; path = Gertrude.entitlements; sourceTree = "<group>"; };
		C4E0DBB42273BEA0005B02F4 /* FilterDataProvider.swift */ = {isa = PBXFileReference; fileEncoding = 4; lastKnownFileType = sourcecode.swift; path = FilterDataProvider.swift; sourceTree = "<group>"; };
/* End PBXFileReference section */

/* Begin PBXFrameworksBuildPhase section */
		7FA3E69C2B851F0E00A4CE5C /* Frameworks */ = {
			isa = PBXFrameworksBuildPhase;
			buildActionMask = 2147483647;
			files = (
				7F0C36322B8FBC2F00CD7621 /* Relauncher in Frameworks */,
			);
			runOnlyForDeploymentPostprocessing = 0;
		};
		C40A5C42229DD6A500627D50 /* Frameworks */ = {
			isa = PBXFrameworksBuildPhase;
			buildActionMask = 2147483647;
			files = (
				7F0B887029C21561001E9427 /* NetworkExtension.framework in Frameworks */,
				7F1ADE0129E99F6600F1395C /* Core in Frameworks */,
				7FD8DCAD29CF1CCC003D135A /* Filter in Frameworks */,
			);
			runOnlyForDeploymentPostprocessing = 0;
		};
		C4B45DB222739FFF0050C59B /* Frameworks */ = {
			isa = PBXFrameworksBuildPhase;
			buildActionMask = 2147483647;
			files = (
				7F3BA9B829C214BA00C4FAF1 /* App in Frameworks */,
				7FD8DCA629C221E0003D135A /* LiveApiClient in Frameworks */,
				7F0B887129C2156D001E9427 /* NetworkExtension.framework in Frameworks */,
				7FE1DF642A16889C00CF1274 /* LiveWebSocketClient in Frameworks */,
				7FD8DCAF29CF6C8D003D135A /* LiveFilterExtensionClient in Frameworks */,
				7F8121052A1D3B7100A3E4E5 /* LiveAppClient in Frameworks */,
				7FD8DCB129CF6C8D003D135A /* LiveFilterXPCClient in Frameworks */,
				7FE1DF622A016CA000CF1274 /* LiveUpdaterClient in Frameworks */,
			);
			runOnlyForDeploymentPostprocessing = 0;
		};
/* End PBXFrameworksBuildPhase section */

/* Begin PBXGroup section */
		7F3BA9B529C214AB00C4FAF1 /* Packages */ = {
			isa = PBXGroup;
			children = (
				7F3BA9B629C214AB00C4FAF1 /* App */,
			);
			name = Packages;
			sourceTree = "<group>";
		};
		7FA3E6A02B851F0E00A4CE5C /* GertrudeRelauncher */ = {
			isa = PBXGroup;
			children = (
				7FA3E6A82B8659C500A4CE5C /* GertrudeRelauncher.entitlements */,
				7FA3E6A12B851F0E00A4CE5C /* main.swift */,
			);
			path = GertrudeRelauncher;
			sourceTree = "<group>";
		};
		C40A5C47229DD6A500627D50 /* GertrudeFilterExtension */ = {
			isa = PBXGroup;
			children = (
				C4E0DBB42273BEA0005B02F4 /* FilterDataProvider.swift */,
				C40A5C4A229DD6A500627D50 /* main.swift */,
				C40A5C4C229DD6A500627D50 /* Info.plist */,
				C40A5C4D229DD6A500627D50 /* GertrudeFilterExtension.entitlements */,
			);
			path = GertrudeFilterExtension;
			sourceTree = "<group>";
		};
		C4B45DAC22739FFF0050C59B = {
			isa = PBXGroup;
			children = (
				7F3BA9B529C214AB00C4FAF1 /* Packages */,
				7F5476DD299BCFF30084F682 /* Filter */,
				C4B45DB722739FFF0050C59B /* Gertrude */,
				C40A5C47229DD6A500627D50 /* GertrudeFilterExtension */,
				7FA3E6A02B851F0E00A4CE5C /* GertrudeRelauncher */,
				C4B45DDC2273A3450050C59B /* Frameworks */,
				7F94DC6D261CEA75002D4534 /* Gertrude.app */,
				7F94DC6E261CEA75002D4534 /* com.netrivet.gertrude.filter-extension.systemextension */,
				7FA3E69F2B851F0E00A4CE5C /* GertrudeHelper */,
			);
			sourceTree = "<group>";
		};
		C4B45DB722739FFF0050C59B /* Gertrude */ = {
			isa = PBXGroup;
			children = (
				7F53C598299FF6CA0097285A /* WebViews */,
				C4B45DBC2273A0020050C59B /* Assets.xcassets */,
				C4B45DC12273A0020050C59B /* Info.plist */,
				C4B45DC22273A0020050C59B /* Gertrude.entitlements */,
				7F94DC8B261CF092002D4534 /* main.swift */,
				7FF3CD4B2992C99000387D3C /* AppDelegate.swift */,
			);
			path = Gertrude;
			sourceTree = "<group>";
		};
		C4B45DDC2273A3450050C59B /* Frameworks */ = {
			isa = PBXGroup;
			children = (
				7F0B886F29C21561001E9427 /* NetworkExtension.framework */,
				7F4D0E4D2628B9450060281F /* libbsm.tbd */,
			);
			name = Frameworks;
			sourceTree = "<group>";
		};
/* End PBXGroup section */

/* Begin PBXNativeTarget section */
		7FA3E69E2B851F0E00A4CE5C /* GertrudeHelper */ = {
			isa = PBXNativeTarget;
			buildConfigurationList = 7FA3E6A52B851F0E00A4CE5C /* Build configuration list for PBXNativeTarget "GertrudeHelper" */;
			buildPhases = (
				7FA3E69B2B851F0E00A4CE5C /* Sources */,
				7FA3E69C2B851F0E00A4CE5C /* Frameworks */,
				7FA3E69D2B851F0E00A4CE5C /* CopyFiles */,
			);
			buildRules = (
			);
			dependencies = (
			);
			name = GertrudeHelper;
			packageProductDependencies = (
				7F0C36312B8FBC2F00CD7621 /* Relauncher */,
			);
			productName = GertudeRelauncher;
			productReference = 7FA3E69F2B851F0E00A4CE5C /* GertrudeHelper */;
			productType = "com.apple.product-type.tool";
		};
		C40A5C44229DD6A500627D50 /* GertrudeFilterExtension */ = {
			isa = PBXNativeTarget;
			buildConfigurationList = C40A5C54229DD6A500627D50 /* Build configuration list for PBXNativeTarget "GertrudeFilterExtension" */;
			buildPhases = (
				C40A5C41229DD6A500627D50 /* Sources */,
				C40A5C42229DD6A500627D50 /* Frameworks */,
				C40A5C43229DD6A500627D50 /* Resources */,
			);
			buildRules = (
			);
			dependencies = (
			);
			name = GertrudeFilterExtension;
			packageProductDependencies = (
				7FD8DCAC29CF1CCC003D135A /* Filter */,
				7F1ADE0029E99F6600F1395C /* Core */,
			);
			productName = GertrudeFilterExtension;
			productReference = 7F94DC6E261CEA75002D4534 /* com.netrivet.gertrude.filter-extension.systemextension */;
			productType = "com.apple.product-type.system-extension";
		};
		C4B45DB422739FFF0050C59B /* Gertrude */ = {
			isa = PBXNativeTarget;
			buildConfigurationList = C4B45DC52273A0020050C59B /* Build configuration list for PBXNativeTarget "Gertrude" */;
			buildPhases = (
				C4B45DB122739FFF0050C59B /* Sources */,
				C4B45DB222739FFF0050C59B /* Frameworks */,
				C4B45DB322739FFF0050C59B /* Resources */,
				7F8121062A1D3D0A00A3E4E5 /* Copy “Launch at Login Helper” */,
				C40A5C51229DD6A500627D50 /* Embed System Extensions */,
				7FA3E6A62B851FC100A4CE5C /* CopyFiles */,
			);
			buildRules = (
			);
			dependencies = (
				C40A5C4F229DD6A500627D50 /* PBXTargetDependency */,
			);
			name = Gertrude;
			packageProductDependencies = (
				7F3BA9B729C214BA00C4FAF1 /* App */,
				7FD8DCA529C221E0003D135A /* LiveApiClient */,
				7FD8DCAE29CF6C8D003D135A /* LiveFilterExtensionClient */,
				7FD8DCB029CF6C8D003D135A /* LiveFilterXPCClient */,
				7FE1DF612A016CA000CF1274 /* LiveUpdaterClient */,
				7FE1DF632A16889C00CF1274 /* LiveWebSocketClient */,
				7F8121042A1D3B7100A3E4E5 /* LiveAppClient */,
			);
			productName = Gertrude;
			productReference = 7F94DC6D261CEA75002D4534 /* Gertrude.app */;
			productType = "com.apple.product-type.application";
		};
/* End PBXNativeTarget section */

/* Begin PBXProject section */
		C4B45DAD22739FFF0050C59B /* Project object */ = {
			isa = PBXProject;
			attributes = {
				DefaultBuildSystemTypeForWorkspace = Latest;
				LastSwiftUpdateCheck = 1430;
				LastUpgradeCheck = 1420;
				ORGANIZATIONNAME = Apple;
				TargetAttributes = {
					7FA3E69E2B851F0E00A4CE5C = {
						CreatedOnToolsVersion = 14.3.1;
					};
					C40A5C44229DD6A500627D50 = {
						CreatedOnToolsVersion = 11.0;
					};
					C4B45DB422739FFF0050C59B = {
						CreatedOnToolsVersion = 11.0;
					};
				};
			};
			buildConfigurationList = C4B45DB022739FFF0050C59B /* Build configuration list for PBXProject "Gertrude" */;
			compatibilityVersion = "Xcode 9.3";
			developmentRegion = en;
			hasScannedForEncodings = 0;
			knownRegions = (
				en,
				Base,
			);
			mainGroup = C4B45DAC22739FFF0050C59B;
			packageReferences = (
			);
			productRefGroup = C4B45DAC22739FFF0050C59B;
			projectDirPath = "";
			projectRoot = "";
			targets = (
				C4B45DB422739FFF0050C59B /* Gertrude */,
				C40A5C44229DD6A500627D50 /* GertrudeFilterExtension */,
				7FA3E69E2B851F0E00A4CE5C /* GertrudeHelper */,
			);
		};
/* End PBXProject section */

/* Begin PBXResourcesBuildPhase section */
		C40A5C43229DD6A500627D50 /* Resources */ = {
			isa = PBXResourcesBuildPhase;
			buildActionMask = 2147483647;
			files = (
			);
			runOnlyForDeploymentPostprocessing = 0;
		};
		C4B45DB322739FFF0050C59B /* Resources */ = {
			isa = PBXResourcesBuildPhase;
			buildActionMask = 2147483647;
			files = (
				7F53C599299FF6CA0097285A /* WebViews in Resources */,
				C4B45DBD2273A0020050C59B /* Assets.xcassets in Resources */,
			);
			runOnlyForDeploymentPostprocessing = 0;
		};
/* End PBXResourcesBuildPhase section */

/* Begin PBXShellScriptBuildPhase section */
		7F8121062A1D3D0A00A3E4E5 /* Copy “Launch at Login Helper” */ = {
			isa = PBXShellScriptBuildPhase;
			alwaysOutOfDate = 1;
			buildActionMask = 2147483647;
			files = (
			);
			inputFileListPaths = (
			);
			inputPaths = (
			);
			name = "Copy “Launch at Login Helper”";
			outputFileListPaths = (
			);
			outputPaths = (
			);
			runOnlyForDeploymentPostprocessing = 0;
			shellPath = /bin/sh;
			shellScript = "\"${BUILT_PRODUCTS_DIR}/LaunchAtLogin_LaunchAtLogin.bundle/Contents/Resources/copy-helper-swiftpm.sh\"\n";
		};
/* End PBXShellScriptBuildPhase section */

/* Begin PBXSourcesBuildPhase section */
		7FA3E69B2B851F0E00A4CE5C /* Sources */ = {
			isa = PBXSourcesBuildPhase;
			buildActionMask = 2147483647;
			files = (
				7FA3E6A22B851F0E00A4CE5C /* main.swift in Sources */,
			);
			runOnlyForDeploymentPostprocessing = 0;
		};
		C40A5C41229DD6A500627D50 /* Sources */ = {
			isa = PBXSourcesBuildPhase;
			buildActionMask = 2147483647;
			files = (
				C40A5C57229DD93200627D50 /* FilterDataProvider.swift in Sources */,
				C40A5C4B229DD6A500627D50 /* main.swift in Sources */,
			);
			runOnlyForDeploymentPostprocessing = 0;
		};
		C4B45DB122739FFF0050C59B /* Sources */ = {
			isa = PBXSourcesBuildPhase;
			buildActionMask = 2147483647;
			files = (
				7FF3CD4C2992C99000387D3C /* AppDelegate.swift in Sources */,
				7F94DC8C261CF092002D4534 /* main.swift in Sources */,
			);
			runOnlyForDeploymentPostprocessing = 0;
		};
/* End PBXSourcesBuildPhase section */

/* Begin PBXTargetDependency section */
		C40A5C4F229DD6A500627D50 /* PBXTargetDependency */ = {
			isa = PBXTargetDependency;
			target = C40A5C44229DD6A500627D50 /* GertrudeFilterExtension */;
			targetProxy = C40A5C4E229DD6A500627D50 /* PBXContainerItemProxy */;
		};
/* End PBXTargetDependency section */

/* Begin XCBuildConfiguration section */
		7FA3E6A32B851F0E00A4CE5C /* Debug */ = {
			isa = XCBuildConfiguration;
			buildSettings = {
				CLANG_CXX_LANGUAGE_STANDARD = "gnu++20";
				CODE_SIGN_INJECT_BASE_ENTITLEMENTS = NO;
				CODE_SIGN_STYLE = Automatic;
				DEVELOPMENT_TEAM = WFN83LM943;
				ENABLE_HARDENED_RUNTIME = YES;
				MACOSX_DEPLOYMENT_TARGET = 10.15;
				MTL_ENABLE_DEBUG_INFO = NO;
				OTHER_CODE_SIGN_FLAGS = "$(inherited) -i $(PRODUCT_BUNDLE_IDENTIFIER)";
				PRODUCT_BUNDLE_IDENTIFIER = com.netrivet.gertrude.relauncher;
				PRODUCT_NAME = "$(TARGET_NAME)";
				SKIP_INSTALL = YES;
				SWIFT_VERSION = 5.0;
			};
			name = Debug;
		};
		7FA3E6A42B851F0E00A4CE5C /* Release */ = {
			isa = XCBuildConfiguration;
			buildSettings = {
				CLANG_CXX_LANGUAGE_STANDARD = "gnu++20";
				CODE_SIGN_INJECT_BASE_ENTITLEMENTS = NO;
				CODE_SIGN_STYLE = Automatic;
				DEVELOPMENT_TEAM = WFN83LM943;
				ENABLE_HARDENED_RUNTIME = YES;
				MACOSX_DEPLOYMENT_TARGET = 10.15;
				OTHER_CODE_SIGN_FLAGS = "$(inherited) -i $(PRODUCT_BUNDLE_IDENTIFIER)";
				PRODUCT_BUNDLE_IDENTIFIER = com.netrivet.gertrude.relauncher;
				PRODUCT_NAME = "$(TARGET_NAME)";
				SKIP_INSTALL = YES;
				SWIFT_VERSION = 5.0;
			};
			name = Release;
		};
		C40A5C52229DD6A500627D50 /* Debug */ = {
			isa = XCBuildConfiguration;
			buildSettings = {
				ALWAYS_EMBED_SWIFT_STANDARD_LIBRARIES = YES;
				CODE_SIGN_ENTITLEMENTS = GertrudeFilterExtension/GertrudeFilterExtension.entitlements;
				CODE_SIGN_IDENTITY = "Developer ID Application";
				CODE_SIGN_STYLE = Manual;
				DEAD_CODE_STRIPPING = YES;
				DEVELOPMENT_TEAM = WFN83LM943;
				ENABLE_HARDENED_RUNTIME = YES;
				INFOPLIST_FILE = GertrudeFilterExtension/Info.plist;
				LD_RUNPATH_SEARCH_PATHS = (
					"$(inherited)",
					"@executable_path/../Frameworks",
					"@executable_path/../../../../Frameworks",
				);
				MACOSX_DEPLOYMENT_TARGET = 10.15;
				PRODUCT_BUNDLE_IDENTIFIER = "com.netrivet.gertrude.filter-extension";
				PRODUCT_NAME = "com.netrivet.gertrude.filter-extension";
				PROVISIONING_PROFILE_SPECIFIER = "Gertrude Agent (filter extension)";
				SKIP_INSTALL = YES;
				SWIFT_VERSION = 5.0;
			};
			name = Debug;
		};
		C40A5C53229DD6A500627D50 /* Release */ = {
			isa = XCBuildConfiguration;
			buildSettings = {
				ALWAYS_EMBED_SWIFT_STANDARD_LIBRARIES = YES;
				CODE_SIGN_ENTITLEMENTS = GertrudeFilterExtension/GertrudeFilterExtension.entitlements;
				CODE_SIGN_IDENTITY = "Developer ID Application";
				CODE_SIGN_STYLE = Manual;
				DEAD_CODE_STRIPPING = YES;
				DEVELOPMENT_TEAM = WFN83LM943;
				ENABLE_HARDENED_RUNTIME = YES;
				INFOPLIST_FILE = GertrudeFilterExtension/Info.plist;
				LD_RUNPATH_SEARCH_PATHS = (
					"$(inherited)",
					"@executable_path/../Frameworks",
					"@executable_path/../../../../Frameworks",
				);
				MACOSX_DEPLOYMENT_TARGET = 10.15;
				PRODUCT_BUNDLE_IDENTIFIER = "com.netrivet.gertrude.filter-extension";
				PRODUCT_NAME = "com.netrivet.gertrude.filter-extension";
				PROVISIONING_PROFILE_SPECIFIER = "Gertrude Agent (filter extension)";
				SKIP_INSTALL = YES;
				SWIFT_VERSION = 5.0;
			};
			name = Release;
		};
		C4B45DC32273A0020050C59B /* Debug */ = {
			isa = XCBuildConfiguration;
			buildSettings = {
				ALWAYS_SEARCH_USER_PATHS = NO;
				CLANG_ANALYZER_NONNULL = YES;
				CLANG_ANALYZER_NUMBER_OBJECT_CONVERSION = YES_AGGRESSIVE;
				CLANG_CXX_LANGUAGE_STANDARD = "gnu++14";
				CLANG_CXX_LIBRARY = "libc++";
				CLANG_ENABLE_MODULES = YES;
				CLANG_ENABLE_OBJC_ARC = YES;
				CLANG_ENABLE_OBJC_WEAK = YES;
				CLANG_WARN_BLOCK_CAPTURE_AUTORELEASING = YES;
				CLANG_WARN_BOOL_CONVERSION = YES;
				CLANG_WARN_COMMA = YES;
				CLANG_WARN_CONSTANT_CONVERSION = YES;
				CLANG_WARN_DEPRECATED_OBJC_IMPLEMENTATIONS = YES;
				CLANG_WARN_DIRECT_OBJC_ISA_USAGE = YES_ERROR;
				CLANG_WARN_DOCUMENTATION_COMMENTS = YES;
				CLANG_WARN_EMPTY_BODY = YES;
				CLANG_WARN_ENUM_CONVERSION = YES;
				CLANG_WARN_INFINITE_RECURSION = YES;
				CLANG_WARN_INT_CONVERSION = YES;
				CLANG_WARN_NON_LITERAL_NULL_CONVERSION = YES;
				CLANG_WARN_OBJC_IMPLICIT_RETAIN_SELF = YES;
				CLANG_WARN_OBJC_LITERAL_CONVERSION = YES;
				CLANG_WARN_OBJC_ROOT_CLASS = YES_ERROR;
				CLANG_WARN_QUOTED_INCLUDE_IN_FRAMEWORK_HEADER = YES;
				CLANG_WARN_RANGE_LOOP_ANALYSIS = YES;
				CLANG_WARN_STRICT_PROTOTYPES = YES;
				CLANG_WARN_SUSPICIOUS_MOVE = YES;
				CLANG_WARN_UNGUARDED_AVAILABILITY = YES_AGGRESSIVE;
				CLANG_WARN_UNREACHABLE_CODE = YES;
				CLANG_WARN__DUPLICATE_METHOD_MATCH = YES;
				COPY_PHASE_STRIP = NO;
				DEAD_CODE_STRIPPING = YES;
				DEBUG_INFORMATION_FORMAT = dwarf;
				ENABLE_STRICT_OBJC_MSGSEND = YES;
				ENABLE_TESTABILITY = YES;
				GCC_C_LANGUAGE_STANDARD = gnu11;
				GCC_DYNAMIC_NO_PIC = NO;
				GCC_NO_COMMON_BLOCKS = YES;
				GCC_OPTIMIZATION_LEVEL = 0;
				GCC_PREPROCESSOR_DEFINITIONS = (
					"DEBUG=1",
					"$(inherited)",
				);
				GCC_WARN_64_TO_32_BIT_CONVERSION = YES;
				GCC_WARN_ABOUT_RETURN_TYPE = YES_ERROR;
				GCC_WARN_UNDECLARED_SELECTOR = YES;
				GCC_WARN_UNINITIALIZED_AUTOS = YES_AGGRESSIVE;
				GCC_WARN_UNUSED_FUNCTION = YES;
				GCC_WARN_UNUSED_VARIABLE = YES;
				MACOSX_DEPLOYMENT_TARGET = 10.15;
				MTL_ENABLE_DEBUG_INFO = INCLUDE_SOURCE;
				MTL_FAST_MATH = YES;
				ONLY_ACTIVE_ARCH = YES;
				SDKROOT = macosx;
				SWIFT_ACTIVE_COMPILATION_CONDITIONS = DEBUG;
				SWIFT_OPTIMIZATION_LEVEL = "-Onone";
			};
			name = Debug;
		};
		C4B45DC42273A0020050C59B /* Release */ = {
			isa = XCBuildConfiguration;
			buildSettings = {
				ALWAYS_SEARCH_USER_PATHS = NO;
				CLANG_ANALYZER_NONNULL = YES;
				CLANG_ANALYZER_NUMBER_OBJECT_CONVERSION = YES_AGGRESSIVE;
				CLANG_CXX_LANGUAGE_STANDARD = "gnu++14";
				CLANG_CXX_LIBRARY = "libc++";
				CLANG_ENABLE_MODULES = YES;
				CLANG_ENABLE_OBJC_ARC = YES;
				CLANG_ENABLE_OBJC_WEAK = YES;
				CLANG_WARN_BLOCK_CAPTURE_AUTORELEASING = YES;
				CLANG_WARN_BOOL_CONVERSION = YES;
				CLANG_WARN_COMMA = YES;
				CLANG_WARN_CONSTANT_CONVERSION = YES;
				CLANG_WARN_DEPRECATED_OBJC_IMPLEMENTATIONS = YES;
				CLANG_WARN_DIRECT_OBJC_ISA_USAGE = YES_ERROR;
				CLANG_WARN_DOCUMENTATION_COMMENTS = YES;
				CLANG_WARN_EMPTY_BODY = YES;
				CLANG_WARN_ENUM_CONVERSION = YES;
				CLANG_WARN_INFINITE_RECURSION = YES;
				CLANG_WARN_INT_CONVERSION = YES;
				CLANG_WARN_NON_LITERAL_NULL_CONVERSION = YES;
				CLANG_WARN_OBJC_IMPLICIT_RETAIN_SELF = YES;
				CLANG_WARN_OBJC_LITERAL_CONVERSION = YES;
				CLANG_WARN_OBJC_ROOT_CLASS = YES_ERROR;
				CLANG_WARN_QUOTED_INCLUDE_IN_FRAMEWORK_HEADER = YES;
				CLANG_WARN_RANGE_LOOP_ANALYSIS = YES;
				CLANG_WARN_STRICT_PROTOTYPES = YES;
				CLANG_WARN_SUSPICIOUS_MOVE = YES;
				CLANG_WARN_UNGUARDED_AVAILABILITY = YES_AGGRESSIVE;
				CLANG_WARN_UNREACHABLE_CODE = YES;
				CLANG_WARN__DUPLICATE_METHOD_MATCH = YES;
				COPY_PHASE_STRIP = NO;
				DEAD_CODE_STRIPPING = YES;
				DEBUG_INFORMATION_FORMAT = "dwarf-with-dsym";
				ENABLE_NS_ASSERTIONS = NO;
				ENABLE_STRICT_OBJC_MSGSEND = YES;
				GCC_C_LANGUAGE_STANDARD = gnu11;
				GCC_NO_COMMON_BLOCKS = YES;
				GCC_WARN_64_TO_32_BIT_CONVERSION = YES;
				GCC_WARN_ABOUT_RETURN_TYPE = YES_ERROR;
				GCC_WARN_UNDECLARED_SELECTOR = YES;
				GCC_WARN_UNINITIALIZED_AUTOS = YES_AGGRESSIVE;
				GCC_WARN_UNUSED_FUNCTION = YES;
				GCC_WARN_UNUSED_VARIABLE = YES;
				MACOSX_DEPLOYMENT_TARGET = 10.15;
				MTL_ENABLE_DEBUG_INFO = NO;
				MTL_FAST_MATH = YES;
				SDKROOT = macosx;
				SWIFT_COMPILATION_MODE = wholemodule;
				SWIFT_OPTIMIZATION_LEVEL = "-O";
			};
			name = Release;
		};
		C4B45DC62273A0020050C59B /* Debug */ = {
			isa = XCBuildConfiguration;
			buildSettings = {
				ALWAYS_EMBED_SWIFT_STANDARD_LIBRARIES = YES;
				ASSETCATALOG_COMPILER_APPICON_NAME = AppIcon;
				CODE_SIGN_ENTITLEMENTS = Gertrude/Gertrude.entitlements;
				CODE_SIGN_IDENTITY = "Developer ID Application";
				CODE_SIGN_STYLE = Manual;
				COMBINE_HIDPI_IMAGES = YES;
				CURRENT_PROJECT_VERSION = 0.2.1;
				DEAD_CODE_STRIPPING = YES;
				DEVELOPMENT_TEAM = WFN83LM943;
				ENABLE_HARDENED_RUNTIME = YES;
				INFOPLIST_FILE = Gertrude/Info.plist;
				LD_RUNPATH_SEARCH_PATHS = (
					"$(inherited)",
					"@executable_path/../Frameworks",
				);
				MACOSX_DEPLOYMENT_TARGET = 10.15;
				MARKETING_VERSION = 0.2.1;
				PRODUCT_BUNDLE_IDENTIFIER = com.netrivet.gertrude.app;
				PRODUCT_NAME = "$(TARGET_NAME)";
				PROVISIONING_PROFILE_SPECIFIER = "Gertrude Agent (app)";
				SWIFT_VERSION = 5.0;
			};
			name = Debug;
		};
		C4B45DC72273A0020050C59B /* Release */ = {
			isa = XCBuildConfiguration;
			buildSettings = {
				ALWAYS_EMBED_SWIFT_STANDARD_LIBRARIES = YES;
				ASSETCATALOG_COMPILER_APPICON_NAME = AppIcon;
				CODE_SIGN_ENTITLEMENTS = Gertrude/Gertrude.entitlements;
				CODE_SIGN_IDENTITY = "Developer ID Application";
				CODE_SIGN_STYLE = Manual;
				COMBINE_HIDPI_IMAGES = YES;
				CURRENT_PROJECT_VERSION = 0.2.1;
				DEAD_CODE_STRIPPING = YES;
				DEVELOPMENT_TEAM = WFN83LM943;
				ENABLE_HARDENED_RUNTIME = YES;
				INFOPLIST_FILE = Gertrude/Info.plist;
				LD_RUNPATH_SEARCH_PATHS = (
					"$(inherited)",
					"@executable_path/../Frameworks",
				);
				MACOSX_DEPLOYMENT_TARGET = 10.15;
				MARKETING_VERSION = 0.2.1;
				PRODUCT_BUNDLE_IDENTIFIER = com.netrivet.gertrude.app;
				PRODUCT_NAME = "$(TARGET_NAME)";
				PROVISIONING_PROFILE_SPECIFIER = "Gertrude Agent (app)";
				SWIFT_VERSION = 5.0;
			};
			name = Release;
		};
/* End XCBuildConfiguration section */

/* Begin XCConfigurationList section */
		7FA3E6A52B851F0E00A4CE5C /* Build configuration list for PBXNativeTarget "GertrudeHelper" */ = {
			isa = XCConfigurationList;
			buildConfigurations = (
				7FA3E6A32B851F0E00A4CE5C /* Debug */,
				7FA3E6A42B851F0E00A4CE5C /* Release */,
			);
			defaultConfigurationIsVisible = 0;
			defaultConfigurationName = Release;
		};
		C40A5C54229DD6A500627D50 /* Build configuration list for PBXNativeTarget "GertrudeFilterExtension" */ = {
			isa = XCConfigurationList;
			buildConfigurations = (
				C40A5C52229DD6A500627D50 /* Debug */,
				C40A5C53229DD6A500627D50 /* Release */,
			);
			defaultConfigurationIsVisible = 0;
			defaultConfigurationName = Release;
		};
		C4B45DB022739FFF0050C59B /* Build configuration list for PBXProject "Gertrude" */ = {
			isa = XCConfigurationList;
			buildConfigurations = (
				C4B45DC32273A0020050C59B /* Debug */,
				C4B45DC42273A0020050C59B /* Release */,
			);
			defaultConfigurationIsVisible = 0;
			defaultConfigurationName = Release;
		};
		C4B45DC52273A0020050C59B /* Build configuration list for PBXNativeTarget "Gertrude" */ = {
			isa = XCConfigurationList;
			buildConfigurations = (
				C4B45DC62273A0020050C59B /* Debug */,
				C4B45DC72273A0020050C59B /* Release */,
			);
			defaultConfigurationIsVisible = 0;
			defaultConfigurationName = Release;
		};
/* End XCConfigurationList section */

/* Begin XCSwiftPackageProductDependency section */
		7F0C36312B8FBC2F00CD7621 /* Relauncher */ = {
			isa = XCSwiftPackageProductDependency;
			productName = Relauncher;
		};
		7F1ADE0029E99F6600F1395C /* Core */ = {
			isa = XCSwiftPackageProductDependency;
			productName = Core;
		};
		7F3BA9B729C214BA00C4FAF1 /* App */ = {
			isa = XCSwiftPackageProductDependency;
			productName = App;
		};
		7F8121042A1D3B7100A3E4E5 /* LiveAppClient */ = {
			isa = XCSwiftPackageProductDependency;
			productName = LiveAppClient;
		};
		7FD8DCA529C221E0003D135A /* LiveApiClient */ = {
			isa = XCSwiftPackageProductDependency;
			productName = LiveApiClient;
		};
		7FD8DCAC29CF1CCC003D135A /* Filter */ = {
			isa = XCSwiftPackageProductDependency;
			productName = Filter;
		};
		7FD8DCAE29CF6C8D003D135A /* LiveFilterExtensionClient */ = {
			isa = XCSwiftPackageProductDependency;
			productName = LiveFilterExtensionClient;
		};
		7FD8DCB029CF6C8D003D135A /* LiveFilterXPCClient */ = {
			isa = XCSwiftPackageProductDependency;
			productName = LiveFilterXPCClient;
		};
		7FE1DF612A016CA000CF1274 /* LiveUpdaterClient */ = {
			isa = XCSwiftPackageProductDependency;
			productName = LiveUpdaterClient;
		};
		7FE1DF632A16889C00CF1274 /* LiveWebSocketClient */ = {
			isa = XCSwiftPackageProductDependency;
			productName = LiveWebSocketClient;
		};
/* End XCSwiftPackageProductDependency section */
	};
	rootObject = C4B45DAD22739FFF0050C59B /* Project object */;
}
