// !$*UTF8*$!
{
	archiveVersion = 1;
	classes = {
	};
	objectVersion = 52;
	objects = {

/* Begin PBXBuildFile section */
		7F085BAE261DF9F80053BF3C /* FilterExtensionXPC.swift in Sources */ = {isa = PBXBuildFile; fileRef = 7F085BAD261DF9F80053BF3C /* FilterExtensionXPC.swift */; };
		7F085BBC261E006F0053BF3C /* ReceiveAppMessage.swift in Sources */ = {isa = PBXBuildFile; fileRef = 7F085BBB261E006F0053BF3C /* ReceiveAppMessage.swift */; };
		7F085BCC261E1AF20053BF3C /* SendToApp.swift in Sources */ = {isa = PBXBuildFile; fileRef = 7F085BCB261E1AF20053BF3C /* SendToApp.swift */; };
		7F1918A02620ED4900DB0D76 /* GertrudeTests.swift in Sources */ = {isa = PBXBuildFile; fileRef = 7F19189E2620ED4900DB0D76 /* GertrudeTests.swift */; };
		7F44D6792632079800D4D4DB /* Env.swift in Sources */ = {isa = PBXBuildFile; fileRef = 7F44D6782632079800D4D4DB /* Env.swift */; };
		7F4D0E4E2628B9450060281F /* libbsm.tbd in Frameworks */ = {isa = PBXBuildFile; fileRef = 7F4D0E4D2628B9450060281F /* libbsm.tbd */; };
		7F4D0E5C2629CAB70060281F /* SourceAppAudit.swift in Sources */ = {isa = PBXBuildFile; fileRef = 7F4D0E5B2629CAB70060281F /* SourceAppAudit.swift */; };
		7F50683D2970625B004EA27A /* AppCore in Frameworks */ = {isa = PBXBuildFile; productRef = 7F50683C2970625B004EA27A /* AppCore */; };
		7F50683F29706263004EA27A /* Websocket in Frameworks */ = {isa = PBXBuildFile; productRef = 7F50683E29706263004EA27A /* Websocket */; };
		7F5068432970646A004EA27A /* SharedCore in Frameworks */ = {isa = PBXBuildFile; productRef = 7F5068422970646A004EA27A /* SharedCore */; };
		7F50684529706476004EA27A /* SharedCore in Frameworks */ = {isa = PBXBuildFile; productRef = 7F50684429706476004EA27A /* SharedCore */; };
		7F5068472970647A004EA27A /* FilterCore in Frameworks */ = {isa = PBXBuildFile; productRef = 7F5068462970647A004EA27A /* FilterCore */; };
		7F51420F261D000300A66260 /* com.netrivet.gertrude.filter-extension.systemextension in Embed System Extensions */ = {isa = PBXBuildFile; fileRef = 7F94DC6E261CEA75002D4534 /* com.netrivet.gertrude.filter-extension.systemextension */; settings = {ATTRIBUTES = (RemoveHeadersOnCopy, ); }; };
		7F94DC8C261CF092002D4534 /* main.swift in Sources */ = {isa = PBXBuildFile; fileRef = 7F94DC8B261CF092002D4534 /* main.swift */; };
		7FED475728885CB900CD1779 /* FilterStorage.swift in Sources */ = {isa = PBXBuildFile; fileRef = 7FED475628885CB900CD1779 /* FilterStorage.swift */; };
		7FEEB6412890592500307ACF /* FilterLogger.swift in Sources */ = {isa = PBXBuildFile; fileRef = 7FEEB6402890592500307ACF /* FilterLogger.swift */; };
		C40A5C46229DD6A500627D50 /* NetworkExtension.framework in Frameworks */ = {isa = PBXBuildFile; fileRef = C4B45DDD2273A3450050C59B /* NetworkExtension.framework */; };
		C40A5C4B229DD6A500627D50 /* main.swift in Sources */ = {isa = PBXBuildFile; fileRef = C40A5C4A229DD6A500627D50 /* main.swift */; };
		C40A5C57229DD93200627D50 /* FilterDataProvider.swift in Sources */ = {isa = PBXBuildFile; fileRef = C4E0DBB42273BEA0005B02F4 /* FilterDataProvider.swift */; };
		C4B45DBD2273A0020050C59B /* Assets.xcassets in Resources */ = {isa = PBXBuildFile; fileRef = C4B45DBC2273A0020050C59B /* Assets.xcassets */; };
		C4B45DDE2273A3450050C59B /* NetworkExtension.framework in Frameworks */ = {isa = PBXBuildFile; fileRef = C4B45DDD2273A3450050C59B /* NetworkExtension.framework */; };
/* End PBXBuildFile section */

/* Begin PBXContainerItemProxy section */
		7F741A162847ECF800A2A2FA /* PBXContainerItemProxy */ = {
			isa = PBXContainerItemProxy;
			containerPortal = C4B45DAD22739FFF0050C59B /* Project object */;
			proxyType = 1;
			remoteGlobalIDString = C4B45DB422739FFF0050C59B;
			remoteInfo = Gertrude;
		};
		C40A5C4E229DD6A500627D50 /* PBXContainerItemProxy */ = {
			isa = PBXContainerItemProxy;
			containerPortal = C4B45DAD22739FFF0050C59B /* Project object */;
			proxyType = 1;
			remoteGlobalIDString = C40A5C44229DD6A500627D50;
			remoteInfo = GertrudeFilterExtension;
		};
/* End PBXContainerItemProxy section */

/* Begin PBXCopyFilesBuildPhase section */
		C40A5C51229DD6A500627D50 /* Embed System Extensions */ = {
			isa = PBXCopyFilesBuildPhase;
			buildActionMask = 2147483647;
			dstPath = "$(SYSTEM_EXTENSIONS_FOLDER_PATH)";
			dstSubfolderSpec = 16;
			files = (
				7F51420F261D000300A66260 /* com.netrivet.gertrude.filter-extension.systemextension in Embed System Extensions */,
			);
			name = "Embed System Extensions";
			runOnlyForDeploymentPostprocessing = 0;
		};
/* End PBXCopyFilesBuildPhase section */

/* Begin PBXFileReference section */
		03411C5003411ED000000001 /* README.md */ = {isa = PBXFileReference; lastKnownFileType = net.daringfireball.markdown; path = README.md; sourceTree = "<group>"; };
		7F085BAD261DF9F80053BF3C /* FilterExtensionXPC.swift */ = {isa = PBXFileReference; lastKnownFileType = sourcecode.swift; path = FilterExtensionXPC.swift; sourceTree = "<group>"; };
		7F085BBB261E006F0053BF3C /* ReceiveAppMessage.swift */ = {isa = PBXFileReference; lastKnownFileType = sourcecode.swift; path = ReceiveAppMessage.swift; sourceTree = "<group>"; };
		7F085BCB261E1AF20053BF3C /* SendToApp.swift */ = {isa = PBXFileReference; lastKnownFileType = sourcecode.swift; path = SendToApp.swift; sourceTree = "<group>"; };
		7F1474C027F3708800FFC044 /* AppCore */ = {isa = PBXFileReference; lastKnownFileType = wrapper; name = AppCore; path = Gertrude/AppCore; sourceTree = "<group>"; };
		7F191835261FA14D00DB0D76 /* GertrudeTests.xctest */ = {isa = PBXFileReference; explicitFileType = wrapper.cfbundle; includeInIndex = 0; path = GertrudeTests.xctest; sourceTree = BUILT_PRODUCTS_DIR; };
		7F191839261FA14D00DB0D76 /* Info.plist */ = {isa = PBXFileReference; lastKnownFileType = text.plist.xml; path = Info.plist; sourceTree = "<group>"; };
		7F19189E2620ED4900DB0D76 /* GertrudeTests.swift */ = {isa = PBXFileReference; lastKnownFileType = sourcecode.swift; path = GertrudeTests.swift; sourceTree = "<group>"; };
		7F316B7F27F38B0B0095AF57 /* package.json */ = {isa = PBXFileReference; lastKnownFileType = text.json; path = package.json; sourceTree = "<group>"; };
		7F44D6782632079800D4D4DB /* Env.swift */ = {isa = PBXFileReference; lastKnownFileType = sourcecode.swift; path = Env.swift; sourceTree = "<group>"; };
		7F4D0E4D2628B9450060281F /* libbsm.tbd */ = {isa = PBXFileReference; lastKnownFileType = "sourcecode.text-based-dylib-definition"; name = libbsm.tbd; path = usr/lib/libbsm.tbd; sourceTree = SDKROOT; };
		7F4D0E5B2629CAB70060281F /* SourceAppAudit.swift */ = {isa = PBXFileReference; lastKnownFileType = sourcecode.swift; path = SourceAppAudit.swift; sourceTree = "<group>"; };
		7F50683729705E57004EA27A /* shared */ = {isa = PBXFileReference; lastKnownFileType = wrapper; name = shared; path = ../shared; sourceTree = "<group>"; };
		7F50683829705E8A004EA27A /* shared */ = {isa = PBXFileReference; lastKnownFileType = wrapper; name = shared; path = ../shared; sourceTree = "<group>"; };
		7F50683929705EED004EA27A /* AppCore */ = {isa = PBXFileReference; lastKnownFileType = wrapper; name = AppCore; path = Gertrude/AppCore; sourceTree = "<group>"; };
		7F50683A29706121004EA27A /* FilterCore */ = {isa = PBXFileReference; lastKnownFileType = wrapper; name = FilterCore; path = Gertrude/FilterCore; sourceTree = "<group>"; };
		7F50683B29706139004EA27A /* SharedCore */ = {isa = PBXFileReference; lastKnownFileType = wrapper; name = SharedCore; path = Gertrude/SharedCore; sourceTree = "<group>"; };
		7F87B24927F389FA0072164B /* FilterCore */ = {isa = PBXFileReference; lastKnownFileType = wrapper; name = FilterCore; path = Gertrude/FilterCore; sourceTree = "<group>"; };
		7F94DC6D261CEA75002D4534 /* Gertrude.app */ = {isa = PBXFileReference; explicitFileType = wrapper.application; includeInIndex = 0; path = Gertrude.app; sourceTree = BUILT_PRODUCTS_DIR; };
		7F94DC6E261CEA75002D4534 /* com.netrivet.gertrude.filter-extension.systemextension */ = {isa = PBXFileReference; explicitFileType = "wrapper.system-extension"; includeInIndex = 0; path = "com.netrivet.gertrude.filter-extension.systemextension"; sourceTree = BUILT_PRODUCTS_DIR; };
		7F94DC8B261CF092002D4534 /* main.swift */ = {isa = PBXFileReference; lastKnownFileType = sourcecode.swift; path = main.swift; sourceTree = "<group>"; };
		7FEAC025284B918500EDB599 /* Websocket */ = {isa = PBXFileReference; lastKnownFileType = wrapper; name = Websocket; path = Gertrude/Websocket; sourceTree = "<group>"; };
		7FED475628885CB900CD1779 /* FilterStorage.swift */ = {isa = PBXFileReference; lastKnownFileType = sourcecode.swift; path = FilterStorage.swift; sourceTree = "<group>"; };
		7FEEB6402890592500307ACF /* FilterLogger.swift */ = {isa = PBXFileReference; lastKnownFileType = sourcecode.swift; path = FilterLogger.swift; sourceTree = "<group>"; };
		7FF558D92849012100A555DC /* Shared */ = {isa = PBXFileReference; lastKnownFileType = wrapper; name = Shared; path = ../Shared; sourceTree = "<group>"; };
		C40A5C4A229DD6A500627D50 /* main.swift */ = {isa = PBXFileReference; lastKnownFileType = sourcecode.swift; path = main.swift; sourceTree = "<group>"; };
		C40A5C4C229DD6A500627D50 /* Info.plist */ = {isa = PBXFileReference; lastKnownFileType = text.plist.xml; path = Info.plist; sourceTree = "<group>"; };
		C40A5C4D229DD6A500627D50 /* GertrudeFilterExtension.entitlements */ = {isa = PBXFileReference; lastKnownFileType = text.plist.entitlements; path = GertrudeFilterExtension.entitlements; sourceTree = "<group>"; };
		C4B45DBC2273A0020050C59B /* Assets.xcassets */ = {isa = PBXFileReference; lastKnownFileType = folder.assetcatalog; path = Assets.xcassets; sourceTree = "<group>"; };
		C4B45DC12273A0020050C59B /* Info.plist */ = {isa = PBXFileReference; lastKnownFileType = text.plist.xml; path = Info.plist; sourceTree = "<group>"; };
		C4B45DC22273A0020050C59B /* Gertrude.entitlements */ = {isa = PBXFileReference; lastKnownFileType = text.plist.entitlements; path = Gertrude.entitlements; sourceTree = "<group>"; };
		C4B45DDD2273A3450050C59B /* NetworkExtension.framework */ = {isa = PBXFileReference; lastKnownFileType = wrapper.framework; name = NetworkExtension.framework; path = System/Library/Frameworks/NetworkExtension.framework; sourceTree = SDKROOT; };
		C4E0DBB42273BEA0005B02F4 /* FilterDataProvider.swift */ = {isa = PBXFileReference; fileEncoding = 4; lastKnownFileType = sourcecode.swift; path = FilterDataProvider.swift; sourceTree = "<group>"; };
/* End PBXFileReference section */

/* Begin PBXFrameworksBuildPhase section */
		7F191832261FA14D00DB0D76 /* Frameworks */ = {
			isa = PBXFrameworksBuildPhase;
			buildActionMask = 2147483647;
			files = (
			);
			runOnlyForDeploymentPostprocessing = 0;
		};
		C40A5C42229DD6A500627D50 /* Frameworks */ = {
			isa = PBXFrameworksBuildPhase;
			buildActionMask = 2147483647;
			files = (
				C40A5C46229DD6A500627D50 /* NetworkExtension.framework in Frameworks */,
				7F5068472970647A004EA27A /* FilterCore in Frameworks */,
				7F50684529706476004EA27A /* SharedCore in Frameworks */,
				7F4D0E4E2628B9450060281F /* libbsm.tbd in Frameworks */,
			);
			runOnlyForDeploymentPostprocessing = 0;
		};
		C4B45DB222739FFF0050C59B /* Frameworks */ = {
			isa = PBXFrameworksBuildPhase;
			buildActionMask = 2147483647;
			files = (
				7F50683F29706263004EA27A /* Websocket in Frameworks */,
				C4B45DDE2273A3450050C59B /* NetworkExtension.framework in Frameworks */,
				7F5068432970646A004EA27A /* SharedCore in Frameworks */,
				7F50683D2970625B004EA27A /* AppCore in Frameworks */,
			);
			runOnlyForDeploymentPostprocessing = 0;
		};
/* End PBXFrameworksBuildPhase section */

/* Begin PBXGroup section */
		7F191836261FA14D00DB0D76 /* GertrudeTests */ = {
			isa = PBXGroup;
			children = (
				7F191839261FA14D00DB0D76 /* Info.plist */,
				7F19189E2620ED4900DB0D76 /* GertrudeTests.swift */,
			);
			path = GertrudeTests;
			sourceTree = "<group>";
		};
		7F521F4426AB400E00EFE28D /* Packages */ = {
			isa = PBXGroup;
			children = (
				7FF558D92849012100A555DC /* Shared */,
				7F50683729705E57004EA27A /* shared */,
				7F50683829705E8A004EA27A /* shared */,
				7F50683929705EED004EA27A /* AppCore */,
				7F50683A29706121004EA27A /* FilterCore */,
				7F50683B29706139004EA27A /* SharedCore */,
			);
			name = Packages;
			sourceTree = "<group>";
		};
		C40A5C47229DD6A500627D50 /* GertrudeFilterExtension */ = {
			isa = PBXGroup;
			children = (
				C4E0DBB42273BEA0005B02F4 /* FilterDataProvider.swift */,
				C40A5C4A229DD6A500627D50 /* main.swift */,
				C40A5C4C229DD6A500627D50 /* Info.plist */,
				C40A5C4D229DD6A500627D50 /* GertrudeFilterExtension.entitlements */,
				7F085BAD261DF9F80053BF3C /* FilterExtensionXPC.swift */,
				7F085BBB261E006F0053BF3C /* ReceiveAppMessage.swift */,
				7FED475628885CB900CD1779 /* FilterStorage.swift */,
				7F085BCB261E1AF20053BF3C /* SendToApp.swift */,
				7F4D0E5B2629CAB70060281F /* SourceAppAudit.swift */,
				7F44D6782632079800D4D4DB /* Env.swift */,
				7FEEB6402890592500307ACF /* FilterLogger.swift */,
			);
			path = GertrudeFilterExtension;
			sourceTree = "<group>";
		};
		C4B45DAC22739FFF0050C59B = {
			isa = PBXGroup;
			children = (
				7F316B7F27F38B0B0095AF57 /* package.json */,
				7F1474C027F3708800FFC044 /* AppCore */,
				7F87B24927F389FA0072164B /* FilterCore */,
				7FEAC025284B918500EDB599 /* Websocket */,
				7F521F4426AB400E00EFE28D /* Packages */,
				03411C5003411ED000000001 /* README.md */,
				C4B45DB722739FFF0050C59B /* Gertrude */,
				C40A5C47229DD6A500627D50 /* GertrudeFilterExtension */,
				7F191836261FA14D00DB0D76 /* GertrudeTests */,
				C4B45DDC2273A3450050C59B /* Frameworks */,
				7F94DC6D261CEA75002D4534 /* Gertrude.app */,
				7F94DC6E261CEA75002D4534 /* com.netrivet.gertrude.filter-extension.systemextension */,
				7F191835261FA14D00DB0D76 /* GertrudeTests.xctest */,
			);
			sourceTree = "<group>";
		};
		C4B45DB722739FFF0050C59B /* Gertrude */ = {
			isa = PBXGroup;
			children = (
				C4B45DBC2273A0020050C59B /* Assets.xcassets */,
				C4B45DC12273A0020050C59B /* Info.plist */,
				C4B45DC22273A0020050C59B /* Gertrude.entitlements */,
				7F94DC8B261CF092002D4534 /* main.swift */,
			);
			path = Gertrude;
			sourceTree = "<group>";
		};
		C4B45DDC2273A3450050C59B /* Frameworks */ = {
			isa = PBXGroup;
			children = (
				7F4D0E4D2628B9450060281F /* libbsm.tbd */,
				C4B45DDD2273A3450050C59B /* NetworkExtension.framework */,
			);
			name = Frameworks;
			sourceTree = "<group>";
		};
/* End PBXGroup section */

/* Begin PBXNativeTarget section */
		7F191834261FA14D00DB0D76 /* GertrudeTests */ = {
			isa = PBXNativeTarget;
			buildConfigurationList = 7F19183E261FA14D00DB0D76 /* Build configuration list for PBXNativeTarget "GertrudeTests" */;
			buildPhases = (
				7F191831261FA14D00DB0D76 /* Sources */,
				7F191832261FA14D00DB0D76 /* Frameworks */,
				7F191833261FA14D00DB0D76 /* Resources */,
			);
			buildRules = (
			);
			dependencies = (
				7F741A172847ECF800A2A2FA /* PBXTargetDependency */,
			);
			name = GertrudeTests;
			packageProductDependencies = (
			);
			productName = GertrudeTests;
			productReference = 7F191835261FA14D00DB0D76 /* GertrudeTests.xctest */;
			productType = "com.apple.product-type.bundle.unit-test";
		};
		C40A5C44229DD6A500627D50 /* GertrudeFilterExtension */ = {
			isa = PBXNativeTarget;
			buildConfigurationList = C40A5C54229DD6A500627D50 /* Build configuration list for PBXNativeTarget "GertrudeFilterExtension" */;
			buildPhases = (
				C40A5C41229DD6A500627D50 /* Sources */,
				C40A5C42229DD6A500627D50 /* Frameworks */,
				C40A5C43229DD6A500627D50 /* Resources */,
			);
			buildRules = (
			);
			dependencies = (
			);
			name = GertrudeFilterExtension;
			packageProductDependencies = (
				7F50684429706476004EA27A /* SharedCore */,
				7F5068462970647A004EA27A /* FilterCore */,
			);
			productName = GertrudeFilterExtension;
			productReference = 7F94DC6E261CEA75002D4534 /* com.netrivet.gertrude.filter-extension.systemextension */;
			productType = "com.apple.product-type.system-extension";
		};
		C4B45DB422739FFF0050C59B /* Gertrude */ = {
			isa = PBXNativeTarget;
			buildConfigurationList = C4B45DC52273A0020050C59B /* Build configuration list for PBXNativeTarget "Gertrude" */;
			buildPhases = (
				7F3B6899288ADE150075BC9C /* ShellScript */,
				C4B45DB122739FFF0050C59B /* Sources */,
				C4B45DB222739FFF0050C59B /* Frameworks */,
				C4B45DB322739FFF0050C59B /* Resources */,
				7F71D6612642F0C7009A7F4C /* Launch at Login Helper */,
				C40A5C51229DD6A500627D50 /* Embed System Extensions */,
			);
			buildRules = (
			);
			dependencies = (
				C40A5C4F229DD6A500627D50 /* PBXTargetDependency */,
			);
			name = Gertrude;
			packageProductDependencies = (
				7F50683C2970625B004EA27A /* AppCore */,
				7F50683E29706263004EA27A /* Websocket */,
				7F5068422970646A004EA27A /* SharedCore */,
			);
			productName = Gertrude;
			productReference = 7F94DC6D261CEA75002D4534 /* Gertrude.app */;
			productType = "com.apple.product-type.application";
		};
/* End PBXNativeTarget section */

/* Begin PBXProject section */
		C4B45DAD22739FFF0050C59B /* Project object */ = {
			isa = PBXProject;
			attributes = {
				DefaultBuildSystemTypeForWorkspace = Latest;
				LastSwiftUpdateCheck = 1230;
				LastUpgradeCheck = 1230;
				ORGANIZATIONNAME = Apple;
				TargetAttributes = {
					7F191834261FA14D00DB0D76 = {
						CreatedOnToolsVersion = 12.3;
						TestTargetID = C4B45DB422739FFF0050C59B;
					};
					C40A5C44229DD6A500627D50 = {
						CreatedOnToolsVersion = 11.0;
					};
					C4B45DB422739FFF0050C59B = {
						CreatedOnToolsVersion = 11.0;
					};
				};
			};
			buildConfigurationList = C4B45DB022739FFF0050C59B /* Build configuration list for PBXProject "Gertrude" */;
			compatibilityVersion = "Xcode 9.3";
			developmentRegion = en;
			hasScannedForEncodings = 0;
			knownRegions = (
				en,
				Base,
			);
			mainGroup = C4B45DAC22739FFF0050C59B;
			packageReferences = (
			);
			productRefGroup = C4B45DAC22739FFF0050C59B;
			projectDirPath = "";
			projectRoot = "";
			targets = (
				C4B45DB422739FFF0050C59B /* Gertrude */,
				C40A5C44229DD6A500627D50 /* GertrudeFilterExtension */,
				7F191834261FA14D00DB0D76 /* GertrudeTests */,
			);
		};
/* End PBXProject section */

/* Begin PBXResourcesBuildPhase section */
		7F191833261FA14D00DB0D76 /* Resources */ = {
			isa = PBXResourcesBuildPhase;
			buildActionMask = 2147483647;
			files = (
			);
			runOnlyForDeploymentPostprocessing = 0;
		};
		C40A5C43229DD6A500627D50 /* Resources */ = {
			isa = PBXResourcesBuildPhase;
			buildActionMask = 2147483647;
			files = (
			);
			runOnlyForDeploymentPostprocessing = 0;
		};
		C4B45DB322739FFF0050C59B /* Resources */ = {
			isa = PBXResourcesBuildPhase;
			buildActionMask = 2147483647;
			files = (
				C4B45DBD2273A0020050C59B /* Assets.xcassets in Resources */,
			);
			runOnlyForDeploymentPostprocessing = 0;
		};
/* End PBXResourcesBuildPhase section */

/* Begin PBXShellScriptBuildPhase section */
		7F3B6899288ADE150075BC9C /* ShellScript */ = {
			isa = PBXShellScriptBuildPhase;
			buildActionMask = 2147483647;
			files = (
			);
			inputFileListPaths = (
			);
			inputPaths = (
			);
			outputFileListPaths = (
			);
			outputPaths = (
			);
			runOnlyForDeploymentPostprocessing = 0;
			shellPath = /bin/bash;
			shellScript = "source ./.env\nprintf \"struct ApiKeys {\n  static let HONEYCOMB_DEV = \\\"$HONEYCOMB_API_KEY_DEV\\\"\n  static let HONEYCOMB_PROD = \\\"$HONEYCOMB_API_KEY_PROD\\\"\n}\n\" > ./Gertrude/AppCore/Sources/AppCore/ApiKeys.swift\n";
		};
		7F71D6612642F0C7009A7F4C /* Launch at Login Helper */ = {
			isa = PBXShellScriptBuildPhase;
			buildActionMask = 2147483647;
			files = (
			);
			inputFileListPaths = (
			);
			inputPaths = (
			);
			name = "Launch at Login Helper";
			outputFileListPaths = (
			);
			outputPaths = (
			);
			runOnlyForDeploymentPostprocessing = 0;
			shellPath = /bin/sh;
			shellScript = "\"${BUILT_PRODUCTS_DIR}/LaunchAtLogin_LaunchAtLogin.bundle/Contents/Resources/copy-helper-swiftpm.sh\"\n\n";
		};
/* End PBXShellScriptBuildPhase section */

/* Begin PBXSourcesBuildPhase section */
		7F191831261FA14D00DB0D76 /* Sources */ = {
			isa = PBXSourcesBuildPhase;
			buildActionMask = 2147483647;
			files = (
				7F1918A02620ED4900DB0D76 /* GertrudeTests.swift in Sources */,
			);
			runOnlyForDeploymentPostprocessing = 0;
		};
		C40A5C41229DD6A500627D50 /* Sources */ = {
			isa = PBXSourcesBuildPhase;
			buildActionMask = 2147483647;
			files = (
				7FEEB6412890592500307ACF /* FilterLogger.swift in Sources */,
				7F085BCC261E1AF20053BF3C /* SendToApp.swift in Sources */,
				7FED475728885CB900CD1779 /* FilterStorage.swift in Sources */,
				C40A5C57229DD93200627D50 /* FilterDataProvider.swift in Sources */,
				7F085BBC261E006F0053BF3C /* ReceiveAppMessage.swift in Sources */,
				7F085BAE261DF9F80053BF3C /* FilterExtensionXPC.swift in Sources */,
				7F44D6792632079800D4D4DB /* Env.swift in Sources */,
				7F4D0E5C2629CAB70060281F /* SourceAppAudit.swift in Sources */,
				C40A5C4B229DD6A500627D50 /* main.swift in Sources */,
			);
			runOnlyForDeploymentPostprocessing = 0;
		};
		C4B45DB122739FFF0050C59B /* Sources */ = {
			isa = PBXSourcesBuildPhase;
			buildActionMask = 2147483647;
			files = (
				7F94DC8C261CF092002D4534 /* main.swift in Sources */,
			);
			runOnlyForDeploymentPostprocessing = 0;
		};
/* End PBXSourcesBuildPhase section */

/* Begin PBXTargetDependency section */
		7F741A172847ECF800A2A2FA /* PBXTargetDependency */ = {
			isa = PBXTargetDependency;
			target = C4B45DB422739FFF0050C59B /* Gertrude */;
			targetProxy = 7F741A162847ECF800A2A2FA /* PBXContainerItemProxy */;
		};
		C40A5C4F229DD6A500627D50 /* PBXTargetDependency */ = {
			isa = PBXTargetDependency;
			target = C40A5C44229DD6A500627D50 /* GertrudeFilterExtension */;
			targetProxy = C40A5C4E229DD6A500627D50 /* PBXContainerItemProxy */;
		};
/* End PBXTargetDependency section */

/* Begin XCBuildConfiguration section */
		7F19183C261FA14D00DB0D76 /* Debug */ = {
			isa = XCBuildConfiguration;
			buildSettings = {
				BUNDLE_LOADER = "$(TEST_HOST)";
				CODE_SIGN_IDENTITY = "Developer ID Application";
				CODE_SIGN_STYLE = Manual;
				COMBINE_HIDPI_IMAGES = YES;
				DEVELOPMENT_TEAM = WFN83LM943;
				INFOPLIST_FILE = GertrudeTests/Info.plist;
				LD_RUNPATH_SEARCH_PATHS = (
					"$(inherited)",
					"@executable_path/../Frameworks",
					"@loader_path/../Frameworks",
				);
				PRODUCT_BUNDLE_IDENTIFIER = com.netrivet.GertrudeTests;
				PRODUCT_NAME = "$(TARGET_NAME)";
				PROVISIONING_PROFILE_SPECIFIER = "";
				SWIFT_VERSION = 5.0;
				TEST_HOST = "$(BUILT_PRODUCTS_DIR)/Gertrude.app/Contents/MacOS/Gertrude";
			};
			name = Debug;
		};
		7F19183D261FA14D00DB0D76 /* Release */ = {
			isa = XCBuildConfiguration;
			buildSettings = {
				BUNDLE_LOADER = "$(TEST_HOST)";
				CODE_SIGN_IDENTITY = "Developer ID Application";
				CODE_SIGN_STYLE = Manual;
				COMBINE_HIDPI_IMAGES = YES;
				DEVELOPMENT_TEAM = WFN83LM943;
				INFOPLIST_FILE = GertrudeTests/Info.plist;
				LD_RUNPATH_SEARCH_PATHS = (
					"$(inherited)",
					"@executable_path/../Frameworks",
					"@loader_path/../Frameworks",
				);
				PRODUCT_BUNDLE_IDENTIFIER = com.netrivet.GertrudeTests;
				PRODUCT_NAME = "$(TARGET_NAME)";
				PROVISIONING_PROFILE_SPECIFIER = "";
				SWIFT_VERSION = 5.0;
				TEST_HOST = "$(BUILT_PRODUCTS_DIR)/Gertrude.app/Contents/MacOS/Gertrude";
			};
			name = Release;
		};
		C40A5C52229DD6A500627D50 /* Debug */ = {
			isa = XCBuildConfiguration;
			buildSettings = {
				CODE_SIGN_ENTITLEMENTS = GertrudeFilterExtension/GertrudeFilterExtension.entitlements;
				CODE_SIGN_IDENTITY = "Developer ID Application";
				CODE_SIGN_STYLE = Manual;
				DEVELOPMENT_TEAM = WFN83LM943;
				ENABLE_HARDENED_RUNTIME = YES;
				INFOPLIST_FILE = GertrudeFilterExtension/Info.plist;
				LD_RUNPATH_SEARCH_PATHS = (
					"$(inherited)",
					"@executable_path/../Frameworks",
					"@executable_path/../../../../Frameworks",
				);
				MACOSX_DEPLOYMENT_TARGET = 11.0;
				PRODUCT_BUNDLE_IDENTIFIER = "com.netrivet.gertrude.filter-extension";
				PRODUCT_NAME = "com.netrivet.gertrude.filter-extension";
				PROVISIONING_PROFILE_SPECIFIER = "Gertrude Agent (filter extension)";
				SKIP_INSTALL = YES;
				SWIFT_VERSION = 5.0;
			};
			name = Debug;
		};
		C40A5C53229DD6A500627D50 /* Release */ = {
			isa = XCBuildConfiguration;
			buildSettings = {
				CODE_SIGN_ENTITLEMENTS = GertrudeFilterExtension/GertrudeFilterExtension.entitlements;
				CODE_SIGN_IDENTITY = "Developer ID Application";
				CODE_SIGN_STYLE = Manual;
				DEVELOPMENT_TEAM = WFN83LM943;
				ENABLE_HARDENED_RUNTIME = YES;
				INFOPLIST_FILE = GertrudeFilterExtension/Info.plist;
				LD_RUNPATH_SEARCH_PATHS = (
					"$(inherited)",
					"@executable_path/../Frameworks",
					"@executable_path/../../../../Frameworks",
				);
				MACOSX_DEPLOYMENT_TARGET = 11.0;
				PRODUCT_BUNDLE_IDENTIFIER = "com.netrivet.gertrude.filter-extension";
				PRODUCT_NAME = "com.netrivet.gertrude.filter-extension";
				PROVISIONING_PROFILE_SPECIFIER = "Gertrude Agent (filter extension)";
				SKIP_INSTALL = YES;
				SWIFT_VERSION = 5.0;
			};
			name = Release;
		};
		C4B45DC32273A0020050C59B /* Debug */ = {
			isa = XCBuildConfiguration;
			buildSettings = {
				ALWAYS_SEARCH_USER_PATHS = NO;
				CLANG_ANALYZER_NONNULL = YES;
				CLANG_ANALYZER_NUMBER_OBJECT_CONVERSION = YES_AGGRESSIVE;
				CLANG_CXX_LANGUAGE_STANDARD = "gnu++14";
				CLANG_CXX_LIBRARY = "libc++";
				CLANG_ENABLE_MODULES = YES;
				CLANG_ENABLE_OBJC_ARC = YES;
				CLANG_ENABLE_OBJC_WEAK = YES;
				CLANG_WARN_BLOCK_CAPTURE_AUTORELEASING = YES;
				CLANG_WARN_BOOL_CONVERSION = YES;
				CLANG_WARN_COMMA = YES;
				CLANG_WARN_CONSTANT_CONVERSION = YES;
				CLANG_WARN_DEPRECATED_OBJC_IMPLEMENTATIONS = YES;
				CLANG_WARN_DIRECT_OBJC_ISA_USAGE = YES_ERROR;
				CLANG_WARN_DOCUMENTATION_COMMENTS = YES;
				CLANG_WARN_EMPTY_BODY = YES;
				CLANG_WARN_ENUM_CONVERSION = YES;
				CLANG_WARN_INFINITE_RECURSION = YES;
				CLANG_WARN_INT_CONVERSION = YES;
				CLANG_WARN_NON_LITERAL_NULL_CONVERSION = YES;
				CLANG_WARN_OBJC_IMPLICIT_RETAIN_SELF = YES;
				CLANG_WARN_OBJC_LITERAL_CONVERSION = YES;
				CLANG_WARN_OBJC_ROOT_CLASS = YES_ERROR;
				CLANG_WARN_QUOTED_INCLUDE_IN_FRAMEWORK_HEADER = YES;
				CLANG_WARN_RANGE_LOOP_ANALYSIS = YES;
				CLANG_WARN_STRICT_PROTOTYPES = YES;
				CLANG_WARN_SUSPICIOUS_MOVE = YES;
				CLANG_WARN_UNGUARDED_AVAILABILITY = YES_AGGRESSIVE;
				CLANG_WARN_UNREACHABLE_CODE = YES;
				CLANG_WARN__DUPLICATE_METHOD_MATCH = YES;
				COPY_PHASE_STRIP = NO;
				DEBUG_INFORMATION_FORMAT = dwarf;
				ENABLE_STRICT_OBJC_MSGSEND = YES;
				ENABLE_TESTABILITY = YES;
				GCC_C_LANGUAGE_STANDARD = gnu11;
				GCC_DYNAMIC_NO_PIC = NO;
				GCC_NO_COMMON_BLOCKS = YES;
				GCC_OPTIMIZATION_LEVEL = 0;
				GCC_PREPROCESSOR_DEFINITIONS = (
					"DEBUG=1",
					"$(inherited)",
				);
				GCC_WARN_64_TO_32_BIT_CONVERSION = YES;
				GCC_WARN_ABOUT_RETURN_TYPE = YES_ERROR;
				GCC_WARN_UNDECLARED_SELECTOR = YES;
				GCC_WARN_UNINITIALIZED_AUTOS = YES_AGGRESSIVE;
				GCC_WARN_UNUSED_FUNCTION = YES;
				GCC_WARN_UNUSED_VARIABLE = YES;
				MACOSX_DEPLOYMENT_TARGET = 11.0;
				MTL_ENABLE_DEBUG_INFO = INCLUDE_SOURCE;
				MTL_FAST_MATH = YES;
				ONLY_ACTIVE_ARCH = YES;
				SDKROOT = macosx;
				SWIFT_ACTIVE_COMPILATION_CONDITIONS = DEBUG;
				SWIFT_OPTIMIZATION_LEVEL = "-Onone";
			};
			name = Debug;
		};
		C4B45DC42273A0020050C59B /* Release */ = {
			isa = XCBuildConfiguration;
			buildSettings = {
				ALWAYS_SEARCH_USER_PATHS = NO;
				CLANG_ANALYZER_NONNULL = YES;
				CLANG_ANALYZER_NUMBER_OBJECT_CONVERSION = YES_AGGRESSIVE;
				CLANG_CXX_LANGUAGE_STANDARD = "gnu++14";
				CLANG_CXX_LIBRARY = "libc++";
				CLANG_ENABLE_MODULES = YES;
				CLANG_ENABLE_OBJC_ARC = YES;
				CLANG_ENABLE_OBJC_WEAK = YES;
				CLANG_WARN_BLOCK_CAPTURE_AUTORELEASING = YES;
				CLANG_WARN_BOOL_CONVERSION = YES;
				CLANG_WARN_COMMA = YES;
				CLANG_WARN_CONSTANT_CONVERSION = YES;
				CLANG_WARN_DEPRECATED_OBJC_IMPLEMENTATIONS = YES;
				CLANG_WARN_DIRECT_OBJC_ISA_USAGE = YES_ERROR;
				CLANG_WARN_DOCUMENTATION_COMMENTS = YES;
				CLANG_WARN_EMPTY_BODY = YES;
				CLANG_WARN_ENUM_CONVERSION = YES;
				CLANG_WARN_INFINITE_RECURSION = YES;
				CLANG_WARN_INT_CONVERSION = YES;
				CLANG_WARN_NON_LITERAL_NULL_CONVERSION = YES;
				CLANG_WARN_OBJC_IMPLICIT_RETAIN_SELF = YES;
				CLANG_WARN_OBJC_LITERAL_CONVERSION = YES;
				CLANG_WARN_OBJC_ROOT_CLASS = YES_ERROR;
				CLANG_WARN_QUOTED_INCLUDE_IN_FRAMEWORK_HEADER = YES;
				CLANG_WARN_RANGE_LOOP_ANALYSIS = YES;
				CLANG_WARN_STRICT_PROTOTYPES = YES;
				CLANG_WARN_SUSPICIOUS_MOVE = YES;
				CLANG_WARN_UNGUARDED_AVAILABILITY = YES_AGGRESSIVE;
				CLANG_WARN_UNREACHABLE_CODE = YES;
				CLANG_WARN__DUPLICATE_METHOD_MATCH = YES;
				COPY_PHASE_STRIP = NO;
				DEBUG_INFORMATION_FORMAT = "dwarf-with-dsym";
				ENABLE_NS_ASSERTIONS = NO;
				ENABLE_STRICT_OBJC_MSGSEND = YES;
				GCC_C_LANGUAGE_STANDARD = gnu11;
				GCC_NO_COMMON_BLOCKS = YES;
				GCC_WARN_64_TO_32_BIT_CONVERSION = YES;
				GCC_WARN_ABOUT_RETURN_TYPE = YES_ERROR;
				GCC_WARN_UNDECLARED_SELECTOR = YES;
				GCC_WARN_UNINITIALIZED_AUTOS = YES_AGGRESSIVE;
				GCC_WARN_UNUSED_FUNCTION = YES;
				GCC_WARN_UNUSED_VARIABLE = YES;
				MACOSX_DEPLOYMENT_TARGET = 11.0;
				MTL_ENABLE_DEBUG_INFO = NO;
				MTL_FAST_MATH = YES;
				SDKROOT = macosx;
				SWIFT_COMPILATION_MODE = wholemodule;
				SWIFT_OPTIMIZATION_LEVEL = "-O";
			};
			name = Release;
		};
		C4B45DC62273A0020050C59B /* Debug */ = {
			isa = XCBuildConfiguration;
			buildSettings = {
				ALWAYS_EMBED_SWIFT_STANDARD_LIBRARIES = YES;
				ASSETCATALOG_COMPILER_APPICON_NAME = AppIcon;
				CODE_SIGN_ENTITLEMENTS = Gertrude/Gertrude.entitlements;
				CODE_SIGN_IDENTITY = "Developer ID Application";
				CODE_SIGN_STYLE = Manual;
				COMBINE_HIDPI_IMAGES = YES;
				CURRENT_PROJECT_VERSION = 0.2.1;
				DEVELOPMENT_TEAM = WFN83LM943;
				ENABLE_HARDENED_RUNTIME = YES;
				INFOPLIST_FILE = Gertrude/Info.plist;
				LD_RUNPATH_SEARCH_PATHS = (
					"$(inherited)",
					"@executable_path/../Frameworks",
				);
				MACOSX_DEPLOYMENT_TARGET = 11.0;
				MARKETING_VERSION = 0.2.1;
				PRODUCT_BUNDLE_IDENTIFIER = com.netrivet.gertrude.app;
				PRODUCT_NAME = "$(TARGET_NAME)";
				PROVISIONING_PROFILE_SPECIFIER = "Gertrude Agent (app)";
				SWIFT_VERSION = 5.0;
			};
			name = Debug;
		};
		C4B45DC72273A0020050C59B /* Release */ = {
			isa = XCBuildConfiguration;
			buildSettings = {
				ALWAYS_EMBED_SWIFT_STANDARD_LIBRARIES = YES;
				ASSETCATALOG_COMPILER_APPICON_NAME = AppIcon;
				CODE_SIGN_ENTITLEMENTS = Gertrude/Gertrude.entitlements;
				CODE_SIGN_IDENTITY = "Developer ID Application";
				CODE_SIGN_STYLE = Manual;
				COMBINE_HIDPI_IMAGES = YES;
				CURRENT_PROJECT_VERSION = 0.2.1;
				DEVELOPMENT_TEAM = WFN83LM943;
				ENABLE_HARDENED_RUNTIME = YES;
				INFOPLIST_FILE = Gertrude/Info.plist;
				LD_RUNPATH_SEARCH_PATHS = (
					"$(inherited)",
					"@executable_path/../Frameworks",
				);
				MACOSX_DEPLOYMENT_TARGET = 11.0;
				MARKETING_VERSION = 0.2.1;
				PRODUCT_BUNDLE_IDENTIFIER = com.netrivet.gertrude.app;
				PRODUCT_NAME = "$(TARGET_NAME)";
				PROVISIONING_PROFILE_SPECIFIER = "Gertrude Agent (app)";
				SWIFT_VERSION = 5.0;
			};
			name = Release;
		};
/* End XCBuildConfiguration section */

/* Begin XCConfigurationList section */
		7F19183E261FA14D00DB0D76 /* Build configuration list for PBXNativeTarget "GertrudeTests" */ = {
			isa = XCConfigurationList;
			buildConfigurations = (
				7F19183C261FA14D00DB0D76 /* Debug */,
				7F19183D261FA14D00DB0D76 /* Release */,
			);
			defaultConfigurationIsVisible = 0;
			defaultConfigurationName = Release;
		};
		C40A5C54229DD6A500627D50 /* Build configuration list for PBXNativeTarget "GertrudeFilterExtension" */ = {
			isa = XCConfigurationList;
			buildConfigurations = (
				C40A5C52229DD6A500627D50 /* Debug */,
				C40A5C53229DD6A500627D50 /* Release */,
			);
			defaultConfigurationIsVisible = 0;
			defaultConfigurationName = Release;
		};
		C4B45DB022739FFF0050C59B /* Build configuration list for PBXProject "Gertrude" */ = {
			isa = XCConfigurationList;
			buildConfigurations = (
				C4B45DC32273A0020050C59B /* Debug */,
				C4B45DC42273A0020050C59B /* Release */,
			);
			defaultConfigurationIsVisible = 0;
			defaultConfigurationName = Release;
		};
		C4B45DC52273A0020050C59B /* Build configuration list for PBXNativeTarget "Gertrude" */ = {
			isa = XCConfigurationList;
			buildConfigurations = (
				C4B45DC62273A0020050C59B /* Debug */,
				C4B45DC72273A0020050C59B /* Release */,
			);
			defaultConfigurationIsVisible = 0;
			defaultConfigurationName = Release;
		};
/* End XCConfigurationList section */

/* Begin XCSwiftPackageProductDependency section */
		7F50683C2970625B004EA27A /* AppCore */ = {
			isa = XCSwiftPackageProductDependency;
			productName = AppCore;
		};
		7F50683E29706263004EA27A /* Websocket */ = {
			isa = XCSwiftPackageProductDependency;
			productName = Websocket;
		};
		7F5068422970646A004EA27A /* SharedCore */ = {
			isa = XCSwiftPackageProductDependency;
			productName = SharedCore;
		};
		7F50684429706476004EA27A /* SharedCore */ = {
			isa = XCSwiftPackageProductDependency;
			productName = SharedCore;
		};
		7F5068462970647A004EA27A /* FilterCore */ = {
			isa = XCSwiftPackageProductDependency;
			productName = FilterCore;
		};
/* End XCSwiftPackageProductDependency section */
	};
	rootObject = C4B45DAD22739FFF0050C59B /* Project object */;
}
