{
  "object": {
    "pins": [
      {
        "package": "combine-schedulers",
        "repositoryURL": "https://github.com/pointfreeco/combine-schedulers",
        "state": {
          "branch": null,
          "revision": "4cf088c29a20f52be0f2ca54992b492c54e0076b",
          "version": "0.5.3"
        }
      },
      {
        "package": "LaunchAtLogin",
        "repositoryURL": "https://github.com/sindresorhus/LaunchAtLogin",
        "state": {
          "branch": null,
          "revision": "e8171b3e38a2816f579f58f3dac1522aa39efe41",
          "version": "4.2.0"
        }
      },
      {
        "package": "Sparkle",
        "repositoryURL": "https://github.com/jaredh159/Sparkle",
        "state": {
          "branch": null,
          "revision": "d11c8024560fcf8c11e376a9ca289150f0cbe35c",
          "version": "2.2.556"
        }
      },
      {
        "package": "Starscream",
        "repositoryURL": "https://github.com/daltoniam/Starscream.git",
        "state": {
          "branch": null,
          "revision": "df8d82047f6654d8e4b655d1b1525c64e1059d21",
          "version": "4.0.4"
        }
      },
      {
        "package": "swift-case-paths",
        "repositoryURL": "https://github.com/pointfreeco/swift-case-paths",
        "state": {
          "branch": null,
          "revision": "c3a42e8d1a76ff557cf565ed6d8b0aee0e6e75af",
          "version": "0.11.0"
        }
      },
      {
        "package": "swift-collections",
        "repositoryURL": "https://github.com/apple/swift-collections",
        "state": {
          "branch": null,
          "revision": "937e904258d22af6e447a0b72c0bc67583ef64a2",
          "version": "1.0.4"
        }
      },
      {
        "package": "swift-parsing",
        "repositoryURL": "https://github.com/pointfreeco/swift-parsing",
        "state": {
          "branch": null,
          "revision": "4bb9192468c1a8be57f46b7d6fd4f561c88b2195",
          "version": "0.11.0"
        }
      },
      {
        "package": "swift-tagged",
        "repositoryURL": "https://github.com/jaredh159/swift-tagged.git",
        "state": {
          "branch": null,
          "revision": "cb4284055f6e9cc5576ff9be13723b3a039905a5",
          "version": "0.8.2"
        }
      },
      {
        "package": "xctest-dynamic-overlay",
        "repositoryURL": "https://github.com/pointfreeco/xctest-dynamic-overlay",
        "state": {
          "branch": null,
          "revision": "16b23a295fa322eb957af98037f86791449de60f",
          "version": "0.8.1"
        }
      }
    ]
  },
  "version": 1
}
