// !$*UTF8*$!
{
	archiveVersion = 1;
	classes = {
	};
	objectVersion = 60;
	objects = {

/* Begin PBXBuildFile section */
		0F4609EE2D4BCA510038C617 /* Shake.swift in Sources */ = {isa = PBXBuildFile; fileRef = 0F4609E52D4BCA510038C617 /* Shake.swift */; };
		0F4609F22D4BCA510038C617 /* App.swift in Sources */ = {isa = PBXBuildFile; fileRef = 0F4609EC2D4BCA510038C617 /* App.swift */; };
		0F4609F32D4BCA510038C617 /* Animation.swift in Sources */ = {isa = PBXBuildFile; fileRef = 0F4609D32D4BCA510038C617 /* Animation.swift */; };
		0F4609F52D4BCA510038C617 /* ExtensionClient.swift in Sources */ = {isa = PBXBuildFile; fileRef = 0F4609EB2D4BCA510038C617 /* ExtensionClient.swift */; };
		0F4609FA2D4BCA510038C617 /* ButtonScreenView.swift in Sources */ = {isa = PBXBuildFile; fileRef = 0F4609D92D4BCA510038C617 /* ButtonScreenView.swift */; };
		0F4609FC2D4BCA510038C617 /* App+Types.swift in Sources */ = {isa = PBXBuildFile; fileRef = 0F4609E92D4BCA510038C617 /* App+Types.swift */; };
		0F4609FD2D4BCA510038C617 /* Colors.swift in Sources */ = {isa = PBXBuildFile; fileRef = 0F4609D42D4BCA510038C617 /* Colors.swift */; };
		0F460A002D4BCA510038C617 /* BigButton.swift in Sources */ = {isa = PBXBuildFile; fileRef = 0F4609D62D4BCA510038C617 /* BigButton.swift */; };
		0F460A022D4BCA510038C617 /* WelcomeView.swift in Sources */ = {isa = PBXBuildFile; fileRef = 0F4609D82D4BCA510038C617 /* WelcomeView.swift */; };
		0F5DCFD42D5425BF003E2361 /* RunningView.swift in Sources */ = {isa = PBXBuildFile; fileRef = 0F5DCFD32D5425BA003E2361 /* RunningView.swift */; };
		0F5DCFD62D54DBDE003E2361 /* FairiesView.swift in Sources */ = {isa = PBXBuildFile; fileRef = 0F5DCFD52D54DBD9003E2361 /* FairiesView.swift */; };
		0F68E4EA2D4ECD1900B7134C /* ChooseWhatToBlockView.swift in Sources */ = {isa = PBXBuildFile; fileRef = 0F68E4E92D4ECD1200B7134C /* ChooseWhatToBlockView.swift */; };
		0FA657FD2D5288B700BA1254 /* ClearingCacheView.swift in Sources */ = {isa = PBXBuildFile; fileRef = 0FA657FC2D5288B200BA1254 /* ClearingCacheView.swift */; };
		0FA657FF2D538A5E00BA1254 /* FinishedView.swift in Sources */ = {isa = PBXBuildFile; fileRef = 0FA657FE2D538A5A00BA1254 /* FinishedView.swift */; };
		0FAD76472D4D158E009A6FA6 /* ComposableArchitecture in Frameworks */ = {isa = PBXBuildFile; productRef = 0FAD76462D4D158E009A6FA6 /* ComposableArchitecture */; };
		0FAD764B2D4D2916009A6FA6 /* LibCore in Frameworks */ = {isa = PBXBuildFile; productRef = 0FAD764A2D4D2916009A6FA6 /* LibCore */; };
		0FAD764D2D4D291D009A6FA6 /* LibController in Frameworks */ = {isa = PBXBuildFile; productRef = 0FAD764C2D4D291D009A6FA6 /* LibController */; };
		0FAD764F2D4D292E009A6FA6 /* LibFilter in Frameworks */ = {isa = PBXBuildFile; productRef = 0FAD764E2D4D292E009A6FA6 /* LibFilter */; };
		0FAD76512D4D295B009A6FA6 /* LibClients in Frameworks */ = {isa = PBXBuildFile; productRef = 0FAD76502D4D295B009A6FA6 /* LibClients */; };
		7F01FBCC2DF9DC850073B21D /* Local.xcconfig in Resources */ = {isa = PBXBuildFile; fileRef = 7F01FBCB2DF9DC850073B21D /* Local.xcconfig */; };
		7F6CB8E02D6640BB009E4672 /* LibApp in Frameworks */ = {isa = PBXBuildFile; productRef = 7F6CB8DF2D6640BB009E4672 /* LibApp */; };
		7F8B15022CCED8D6002E3C14 /* Launch Screen.storyboard in Resources */ = {isa = PBXBuildFile; fileRef = 7F8B15012CCED8D6002E3C14 /* Launch Screen.storyboard */; };
		7F9AD4192DAFF20300CA079B /* ConnectingView.swift in Sources */ = {isa = PBXBuildFile; fileRef = 7F9AD4182DAFF1FC00CA079B /* ConnectingView.swift */; };
		7FA7B8472AEB238700363B53 /* IOSAppEntry.swift in Sources */ = {isa = PBXBuildFile; fileRef = 7FA7B8462AEB238700363B53 /* IOSAppEntry.swift */; };
		7FA7B84B2AEB238800363B53 /* Assets.xcassets in Resources */ = {isa = PBXBuildFile; fileRef = 7FA7B84A2AEB238800363B53 /* Assets.xcassets */; };
		7FA7B84E2AEB238800363B53 /* Preview Assets.xcassets in Resources */ = {isa = PBXBuildFile; fileRef = 7FA7B84D2AEB238800363B53 /* Preview Assets.xcassets */; };
		7FA7B85B2AEB243400363B53 /* NetworkExtension.framework in Frameworks */ = {isa = PBXBuildFile; fileRef = 7FA7B85A2AEB243400363B53 /* NetworkExtension.framework */; };
		7FA7B85E2AEB243400363B53 /* FilterDataProvider.swift in Sources */ = {isa = PBXBuildFile; fileRef = 7FA7B85D2AEB243400363B53 /* FilterDataProvider.swift */; };
		7FA7B8632AEB243400363B53 /* filter.appex in Embed Foundation Extensions */ = {isa = PBXBuildFile; fileRef = 7FA7B8582AEB243400363B53 /* filter.appex */; settings = {ATTRIBUTES = (RemoveHeadersOnCopy, ); }; };
		7FE743D32C8F431500607876 /* NetworkExtension.framework in Frameworks */ = {isa = PBXBuildFile; fileRef = 7FA7B85A2AEB243400363B53 /* NetworkExtension.framework */; };
		7FE743D62C8F431500607876 /* FilterControlProvider.swift in Sources */ = {isa = PBXBuildFile; fileRef = 7FE743D52C8F431500607876 /* FilterControlProvider.swift */; };
		7FE743DB2C8F431500607876 /* controller.appex in Embed Foundation Extensions */ = {isa = PBXBuildFile; fileRef = 7FE743D22C8F431500607876 /* controller.appex */; settings = {ATTRIBUTES = (RemoveHeadersOnCopy, ); }; };
		7FE743DF2C8F4ED700607876 /* NetworkExtension.framework in Frameworks */ = {isa = PBXBuildFile; fileRef = 7FA7B85A2AEB243400363B53 /* NetworkExtension.framework */; };
		7FFB705F2DF9D17900B04C17 /* Release.xcconfig in Resources */ = {isa = PBXBuildFile; fileRef = 7FFB705E2DF9D17900B04C17 /* Release.xcconfig */; };
		7FFB70612DF9D1AB00B04C17 /* Debug.xcconfig in Resources */ = {isa = PBXBuildFile; fileRef = 7FFB70602DF9D1AB00B04C17 /* Debug.xcconfig */; };
/* End PBXBuildFile section */

/* Begin PBXContainerItemProxy section */
		7FA7B8612AEB243400363B53 /* PBXContainerItemProxy */ = {
			isa = PBXContainerItemProxy;
			containerPortal = 7FA7B83B2AEB238700363B53 /* Project object */;
			proxyType = 1;
			remoteGlobalIDString = 7FA7B8572AEB243400363B53;
			remoteInfo = filter;
		};
		7FE743D92C8F431500607876 /* PBXContainerItemProxy */ = {
			isa = PBXContainerItemProxy;
			containerPortal = 7FA7B83B2AEB238700363B53 /* Project object */;
			proxyType = 1;
			remoteGlobalIDString = 7FE743D12C8F431500607876;
			remoteInfo = controller;
		};
/* End PBXContainerItemProxy section */

/* Begin PBXCopyFilesBuildPhase section */
		7FA7B8672AEB243400363B53 /* Embed Foundation Extensions */ = {
			isa = PBXCopyFilesBuildPhase;
			buildActionMask = 2147483647;
			dstPath = "";
			dstSubfolderSpec = 13;
			files = (
				7FE743DB2C8F431500607876 /* controller.appex in Embed Foundation Extensions */,
				7FA7B8632AEB243400363B53 /* filter.appex in Embed Foundation Extensions */,
			);
			name = "Embed Foundation Extensions";
			runOnlyForDeploymentPostprocessing = 0;
		};
/* End PBXCopyFilesBuildPhase section */

/* Begin PBXFileReference section */
		0F4609D32D4BCA510038C617 /* Animation.swift */ = {isa = PBXFileReference; lastKnownFileType = sourcecode.swift; path = Animation.swift; sourceTree = "<group>"; };
		0F4609D42D4BCA510038C617 /* Colors.swift */ = {isa = PBXFileReference; lastKnownFileType = sourcecode.swift; path = Colors.swift; sourceTree = "<group>"; };
		0F4609D62D4BCA510038C617 /* BigButton.swift */ = {isa = PBXFileReference; lastKnownFileType = sourcecode.swift; path = BigButton.swift; sourceTree = "<group>"; };
		0F4609D82D4BCA510038C617 /* WelcomeView.swift */ = {isa = PBXFileReference; lastKnownFileType = sourcecode.swift; path = WelcomeView.swift; sourceTree = "<group>"; };
		0F4609D92D4BCA510038C617 /* ButtonScreenView.swift */ = {isa = PBXFileReference; lastKnownFileType = sourcecode.swift; path = ButtonScreenView.swift; sourceTree = "<group>"; };
		0F4609E52D4BCA510038C617 /* Shake.swift */ = {isa = PBXFileReference; lastKnownFileType = sourcecode.swift; path = Shake.swift; sourceTree = "<group>"; };
		0F4609E92D4BCA510038C617 /* App+Types.swift */ = {isa = PBXFileReference; lastKnownFileType = sourcecode.swift; path = "App+Types.swift"; sourceTree = "<group>"; };
		0F4609EB2D4BCA510038C617 /* ExtensionClient.swift */ = {isa = PBXFileReference; lastKnownFileType = sourcecode.swift; path = ExtensionClient.swift; sourceTree = "<group>"; };
		0F4609EC2D4BCA510038C617 /* App.swift */ = {isa = PBXFileReference; lastKnownFileType = sourcecode.swift; path = App.swift; sourceTree = "<group>"; };
		0F5DCFD32D5425BA003E2361 /* RunningView.swift */ = {isa = PBXFileReference; lastKnownFileType = sourcecode.swift; path = RunningView.swift; sourceTree = "<group>"; };
		0F5DCFD52D54DBD9003E2361 /* FairiesView.swift */ = {isa = PBXFileReference; lastKnownFileType = sourcecode.swift; path = FairiesView.swift; sourceTree = "<group>"; };
		0F68E4E92D4ECD1200B7134C /* ChooseWhatToBlockView.swift */ = {isa = PBXFileReference; lastKnownFileType = sourcecode.swift; path = ChooseWhatToBlockView.swift; sourceTree = "<group>"; };
		0FA657FC2D5288B200BA1254 /* ClearingCacheView.swift */ = {isa = PBXFileReference; lastKnownFileType = sourcecode.swift; path = ClearingCacheView.swift; sourceTree = "<group>"; };
		0FA657FE2D538A5A00BA1254 /* FinishedView.swift */ = {isa = PBXFileReference; lastKnownFileType = sourcecode.swift; path = FinishedView.swift; sourceTree = "<group>"; };
		7F01FBCB2DF9DC850073B21D /* Local.xcconfig */ = {isa = PBXFileReference; lastKnownFileType = text.xcconfig; path = Local.xcconfig; sourceTree = "<group>"; };
		7F4A14502CB5843500FD6ABE /* Info.plist */ = {isa = PBXFileReference; lastKnownFileType = text.plist; path = Info.plist; sourceTree = "<group>"; };
		7F8B15012CCED8D6002E3C14 /* Launch Screen.storyboard */ = {isa = PBXFileReference; lastKnownFileType = file.storyboard; path = "Launch Screen.storyboard"; sourceTree = "<group>"; };
		7F9AD4182DAFF1FC00CA079B /* ConnectingView.swift */ = {isa = PBXFileReference; lastKnownFileType = sourcecode.swift; path = ConnectingView.swift; sourceTree = "<group>"; };
		7FA736042DB1494F009397FC /* ReplayKit.framework */ = {isa = PBXFileReference; lastKnownFileType = wrapper.framework; name = ReplayKit.framework; path = System/Library/Frameworks/ReplayKit.framework; sourceTree = SDKROOT; };
		7FA7B8432AEB238700363B53 /* app.app */ = {isa = PBXFileReference; explicitFileType = wrapper.application; includeInIndex = 0; path = app.app; sourceTree = BUILT_PRODUCTS_DIR; };
		7FA7B8462AEB238700363B53 /* IOSAppEntry.swift */ = {isa = PBXFileReference; lastKnownFileType = sourcecode.swift; path = IOSAppEntry.swift; sourceTree = "<group>"; };
		7FA7B84A2AEB238800363B53 /* Assets.xcassets */ = {isa = PBXFileReference; lastKnownFileType = folder.assetcatalog; path = Assets.xcassets; sourceTree = "<group>"; };
		7FA7B84D2AEB238800363B53 /* Preview Assets.xcassets */ = {isa = PBXFileReference; lastKnownFileType = folder.assetcatalog; path = "Preview Assets.xcassets"; sourceTree = "<group>"; };
		7FA7B8582AEB243400363B53 /* filter.appex */ = {isa = PBXFileReference; explicitFileType = "wrapper.app-extension"; includeInIndex = 0; path = filter.appex; sourceTree = BUILT_PRODUCTS_DIR; };
		7FA7B85A2AEB243400363B53 /* NetworkExtension.framework */ = {isa = PBXFileReference; lastKnownFileType = wrapper.framework; name = NetworkExtension.framework; path = System/Library/Frameworks/NetworkExtension.framework; sourceTree = SDKROOT; };
		7FA7B85D2AEB243400363B53 /* FilterDataProvider.swift */ = {isa = PBXFileReference; lastKnownFileType = sourcecode.swift; path = FilterDataProvider.swift; sourceTree = "<group>"; };
		7FA7B85F2AEB243400363B53 /* Info.plist */ = {isa = PBXFileReference; lastKnownFileType = text.plist.xml; path = Info.plist; sourceTree = "<group>"; };
		7FA7B8602AEB243400363B53 /* filter.entitlements */ = {isa = PBXFileReference; lastKnownFileType = text.plist.entitlements; path = filter.entitlements; sourceTree = "<group>"; };
		7FA7B8682AEB271800363B53 /* app.entitlements */ = {isa = PBXFileReference; lastKnownFileType = text.plist.entitlements; path = app.entitlements; sourceTree = "<group>"; };
		7FE743D22C8F431500607876 /* controller.appex */ = {isa = PBXFileReference; explicitFileType = "wrapper.app-extension"; includeInIndex = 0; path = controller.appex; sourceTree = BUILT_PRODUCTS_DIR; };
		7FE743D52C8F431500607876 /* FilterControlProvider.swift */ = {isa = PBXFileReference; lastKnownFileType = sourcecode.swift; path = FilterControlProvider.swift; sourceTree = "<group>"; };
		7FE743D72C8F431500607876 /* Info.plist */ = {isa = PBXFileReference; lastKnownFileType = text.plist.xml; path = Info.plist; sourceTree = "<group>"; };
		7FE743D82C8F431500607876 /* controller.entitlements */ = {isa = PBXFileReference; lastKnownFileType = text.plist.entitlements; path = controller.entitlements; sourceTree = "<group>"; };
		7FFB548E2CB4768600EBFA3B /* lib-ios */ = {isa = PBXFileReference; lastKnownFileType = wrapper; path = "lib-ios"; sourceTree = "<group>"; };
		7FFB705E2DF9D17900B04C17 /* Release.xcconfig */ = {isa = PBXFileReference; lastKnownFileType = text.xcconfig; path = Release.xcconfig; sourceTree = "<group>"; };
		7FFB70602DF9D1AB00B04C17 /* Debug.xcconfig */ = {isa = PBXFileReference; lastKnownFileType = text.xcconfig; path = Debug.xcconfig; sourceTree = "<group>"; };
/* End PBXFileReference section */

/* Begin PBXFrameworksBuildPhase section */
		7FA7B8402AEB238700363B53 /* Frameworks */ = {
			isa = PBXFrameworksBuildPhase;
			buildActionMask = 2147483647;
			files = (
				0FAD76472D4D158E009A6FA6 /* ComposableArchitecture in Frameworks */,
				0FAD76512D4D295B009A6FA6 /* LibClients in Frameworks */,
				7F6CB8E02D6640BB009E4672 /* LibApp in Frameworks */,
				7FE743DF2C8F4ED700607876 /* NetworkExtension.framework in Frameworks */,
			);
			runOnlyForDeploymentPostprocessing = 0;
		};
		7FA7B8552AEB243400363B53 /* Frameworks */ = {
			isa = PBXFrameworksBuildPhase;
			buildActionMask = 2147483647;
			files = (
				0FAD764F2D4D292E009A6FA6 /* LibFilter in Frameworks */,
				7FA7B85B2AEB243400363B53 /* NetworkExtension.framework in Frameworks */,
				0FAD764B2D4D2916009A6FA6 /* LibCore in Frameworks */,
			);
			runOnlyForDeploymentPostprocessing = 0;
		};
		7FE743CF2C8F431500607876 /* Frameworks */ = {
			isa = PBXFrameworksBuildPhase;
			buildActionMask = 2147483647;
			files = (
				0FAD764D2D4D291D009A6FA6 /* LibController in Frameworks */,
				7FE743D32C8F431500607876 /* NetworkExtension.framework in Frameworks */,
			);
			runOnlyForDeploymentPostprocessing = 0;
		};
/* End PBXFrameworksBuildPhase section */

/* Begin PBXGroup section */
		0F4609D52D4BCA510038C617 /* Lib */ = {
			isa = PBXGroup;
			children = (
				0F4609D32D4BCA510038C617 /* Animation.swift */,
				0F4609D42D4BCA510038C617 /* Colors.swift */,
				0F4609E52D4BCA510038C617 /* Shake.swift */,
			);
			path = Lib;
			sourceTree = "<group>";
		};
		0F4609DA2D4BCA510038C617 /* Views */ = {
			isa = PBXGroup;
			children = (
				7F9AD4182DAFF1FC00CA079B /* ConnectingView.swift */,
				0F68E4E92D4ECD1200B7134C /* ChooseWhatToBlockView.swift */,
				0F4609D62D4BCA510038C617 /* BigButton.swift */,
				0FA657FC2D5288B200BA1254 /* ClearingCacheView.swift */,
				0F5DCFD32D5425BA003E2361 /* RunningView.swift */,
				0F5DCFD52D54DBD9003E2361 /* FairiesView.swift */,
				0FA657FE2D538A5A00BA1254 /* FinishedView.swift */,
				0F4609D82D4BCA510038C617 /* WelcomeView.swift */,
				0F4609D92D4BCA510038C617 /* ButtonScreenView.swift */,
			);
			path = Views;
			sourceTree = "<group>";
		};
		7F01FBCA2DF9DC5D0073B21D /* config */ = {
			isa = PBXGroup;
			children = (
				7FFB705E2DF9D17900B04C17 /* Release.xcconfig */,
				7FFB70602DF9D1AB00B04C17 /* Debug.xcconfig */,
				7F01FBCB2DF9DC850073B21D /* Local.xcconfig */,
			);
			path = config;
			sourceTree = "<group>";
		};
		7FA7B83A2AEB238700363B53 = {
			isa = PBXGroup;
			children = (
				7F01FBCA2DF9DC5D0073B21D /* config */,
				7FFB548E2CB4768600EBFA3B /* lib-ios */,
				7FA7B8452AEB238700363B53 /* app */,
				7FA7B85C2AEB243400363B53 /* filter */,
				7FE743D42C8F431500607876 /* controller */,
				7FA7B8592AEB243400363B53 /* Frameworks */,
				7FA7B8442AEB238700363B53 /* Products */,
			);
			sourceTree = "<group>";
		};
		7FA7B8442AEB238700363B53 /* Products */ = {
			isa = PBXGroup;
			children = (
				7FA7B8432AEB238700363B53 /* app.app */,
				7FA7B8582AEB243400363B53 /* filter.appex */,
				7FE743D22C8F431500607876 /* controller.appex */,
			);
			name = Products;
			sourceTree = "<group>";
		};
		7FA7B8452AEB238700363B53 /* app */ = {
			isa = PBXGroup;
			children = (
				0F4609D52D4BCA510038C617 /* Lib */,
				0F4609DA2D4BCA510038C617 /* Views */,
				0F4609EC2D4BCA510038C617 /* App.swift */,
				0F4609E92D4BCA510038C617 /* App+Types.swift */,
				0F4609EB2D4BCA510038C617 /* ExtensionClient.swift */,
				7FA7B8462AEB238700363B53 /* IOSAppEntry.swift */,
				7F4A14502CB5843500FD6ABE /* Info.plist */,
				7FA7B8682AEB271800363B53 /* app.entitlements */,
				7FA7B84A2AEB238800363B53 /* Assets.xcassets */,
				7FA7B84C2AEB238800363B53 /* Preview Content */,
				7F8B15012CCED8D6002E3C14 /* Launch Screen.storyboard */,
			);
			path = app;
			sourceTree = "<group>";
		};
		7FA7B84C2AEB238800363B53 /* Preview Content */ = {
			isa = PBXGroup;
			children = (
				7FA7B84D2AEB238800363B53 /* Preview Assets.xcassets */,
			);
			path = "Preview Content";
			sourceTree = "<group>";
		};
		7FA7B8592AEB243400363B53 /* Frameworks */ = {
			isa = PBXGroup;
			children = (
				7FA7B85A2AEB243400363B53 /* NetworkExtension.framework */,
				7FA736042DB1494F009397FC /* ReplayKit.framework */,
			);
			name = Frameworks;
			sourceTree = "<group>";
		};
		7FA7B85C2AEB243400363B53 /* filter */ = {
			isa = PBXGroup;
			children = (
				7FA7B85D2AEB243400363B53 /* FilterDataProvider.swift */,
				7FA7B85F2AEB243400363B53 /* Info.plist */,
				7FA7B8602AEB243400363B53 /* filter.entitlements */,
			);
			path = filter;
			sourceTree = "<group>";
		};
		7FE743D42C8F431500607876 /* controller */ = {
			isa = PBXGroup;
			children = (
				7FE743D52C8F431500607876 /* FilterControlProvider.swift */,
				7FE743D72C8F431500607876 /* Info.plist */,
				7FE743D82C8F431500607876 /* controller.entitlements */,
			);
			path = controller;
			sourceTree = "<group>";
		};
/* End PBXGroup section */

/* Begin PBXNativeTarget section */
		7FA7B8422AEB238700363B53 /* app */ = {
			isa = PBXNativeTarget;
			buildConfigurationList = 7FA7B8512AEB238800363B53 /* Build configuration list for PBXNativeTarget "app" */;
			buildPhases = (
				7FA7B83F2AEB238700363B53 /* Sources */,
				7FA7B8402AEB238700363B53 /* Frameworks */,
				7FA7B8412AEB238700363B53 /* Resources */,
				7FA7B8672AEB243400363B53 /* Embed Foundation Extensions */,
			);
			buildRules = (
			);
			dependencies = (
				7FA7B8622AEB243400363B53 /* PBXTargetDependency */,
				7FE743DA2C8F431500607876 /* PBXTargetDependency */,
			);
			name = app;
			packageProductDependencies = (
				0FAD76462D4D158E009A6FA6 /* ComposableArchitecture */,
				0FAD76502D4D295B009A6FA6 /* LibClients */,
				7F6CB8DF2D6640BB009E4672 /* LibApp */,
			);
			productName = app;
			productReference = 7FA7B8432AEB238700363B53 /* app.app */;
			productType = "com.apple.product-type.application";
		};
		7FA7B8572AEB243400363B53 /* filter */ = {
			isa = PBXNativeTarget;
			buildConfigurationList = 7FA7B8642AEB243400363B53 /* Build configuration list for PBXNativeTarget "filter" */;
			buildPhases = (
				7FA7B8542AEB243400363B53 /* Sources */,
				7FA7B8552AEB243400363B53 /* Frameworks */,
				7FA7B8562AEB243400363B53 /* Resources */,
			);
			buildRules = (
			);
			dependencies = (
			);
			name = filter;
			packageProductDependencies = (
				0FAD764A2D4D2916009A6FA6 /* LibCore */,
				0FAD764E2D4D292E009A6FA6 /* LibFilter */,
			);
			productName = filter;
			productReference = 7FA7B8582AEB243400363B53 /* filter.appex */;
			productType = "com.apple.product-type.app-extension";
		};
		7FE743D12C8F431500607876 /* controller */ = {
			isa = PBXNativeTarget;
			buildConfigurationList = 7FE743DC2C8F431500607876 /* Build configuration list for PBXNativeTarget "controller" */;
			buildPhases = (
				7FE743CE2C8F431500607876 /* Sources */,
				7FE743CF2C8F431500607876 /* Frameworks */,
				7FE743D02C8F431500607876 /* Resources */,
			);
			buildRules = (
			);
			dependencies = (
			);
			name = controller;
			productName = controller;
			productReference = 7FE743D22C8F431500607876 /* controller.appex */;
			productType = "com.apple.product-type.app-extension";
		};
/* End PBXNativeTarget section */

/* Begin PBXProject section */
		7FA7B83B2AEB238700363B53 /* Project object */ = {
			isa = PBXProject;
			attributes = {
				BuildIndependentTargetsInParallel = 1;
				LastSwiftUpdateCheck = 1620;
				LastUpgradeCheck = 1430;
				TargetAttributes = {
					7FA7B8422AEB238700363B53 = {
						CreatedOnToolsVersion = 14.3.1;
					};
					7FA7B8572AEB243400363B53 = {
						CreatedOnToolsVersion = 14.3.1;
					};
					7FE743D12C8F431500607876 = {
						CreatedOnToolsVersion = 15.3;
					};
				};
			};
			buildConfigurationList = 7FA7B83E2AEB238700363B53 /* Build configuration list for PBXProject "Gertrude-iOS" */;
			compatibilityVersion = "Xcode 14.0";
			developmentRegion = en;
			hasScannedForEncodings = 0;
			knownRegions = (
				en,
				Base,
			);
			mainGroup = 7FA7B83A2AEB238700363B53;
			packageReferences = (
				0FAAAEC02D4BCFDF008EF174 /* XCLocalSwiftPackageReference "lib-ios" */,
				0FAD76452D4D158E009A6FA6 /* XCRemoteSwiftPackageReference "swift-composable-architecture" */,
			);
			productRefGroup = 7FA7B8442AEB238700363B53 /* Products */;
			projectDirPath = "";
			projectRoot = "";
			targets = (
				7FA7B8422AEB238700363B53 /* app */,
				7FA7B8572AEB243400363B53 /* filter */,
				7FE743D12C8F431500607876 /* controller */,
			);
		};
/* End PBXProject section */

/* Begin PBXResourcesBuildPhase section */
		7FA7B8412AEB238700363B53 /* Resources */ = {
			isa = PBXResourcesBuildPhase;
			buildActionMask = 2147483647;
			files = (
				7FFB705F2DF9D17900B04C17 /* Release.xcconfig in Resources */,
				7F8B15022CCED8D6002E3C14 /* Launch Screen.storyboard in Resources */,
				7FA7B84E2AEB238800363B53 /* Preview Assets.xcassets in Resources */,
				7FFB70612DF9D1AB00B04C17 /* Debug.xcconfig in Resources */,
				7F01FBCC2DF9DC850073B21D /* Local.xcconfig in Resources */,
				7FA7B84B2AEB238800363B53 /* Assets.xcassets in Resources */,
			);
			runOnlyForDeploymentPostprocessing = 0;
		};
		7FA7B8562AEB243400363B53 /* Resources */ = {
			isa = PBXResourcesBuildPhase;
			buildActionMask = 2147483647;
			files = (
			);
			runOnlyForDeploymentPostprocessing = 0;
		};
		7FE743D02C8F431500607876 /* Resources */ = {
			isa = PBXResourcesBuildPhase;
			buildActionMask = 2147483647;
			files = (
			);
			runOnlyForDeploymentPostprocessing = 0;
		};
/* End PBXResourcesBuildPhase section */

/* Begin PBXSourcesBuildPhase section */
		7FA7B83F2AEB238700363B53 /* Sources */ = {
			isa = PBXSourcesBuildPhase;
			buildActionMask = 2147483647;
			files = (
				0F4609EE2D4BCA510038C617 /* Shake.swift in Sources */,
				0F68E4EA2D4ECD1900B7134C /* ChooseWhatToBlockView.swift in Sources */,
				7F9AD4192DAFF20300CA079B /* ConnectingView.swift in Sources */,
				0FA657FD2D5288B700BA1254 /* ClearingCacheView.swift in Sources */,
				0F4609F22D4BCA510038C617 /* App.swift in Sources */,
				0F4609F32D4BCA510038C617 /* Animation.swift in Sources */,
				0F4609F52D4BCA510038C617 /* ExtensionClient.swift in Sources */,
				0F4609FA2D4BCA510038C617 /* ButtonScreenView.swift in Sources */,
				0F5DCFD42D5425BF003E2361 /* RunningView.swift in Sources */,
				0F4609FC2D4BCA510038C617 /* App+Types.swift in Sources */,
				0F4609FD2D4BCA510038C617 /* Colors.swift in Sources */,
				0F460A002D4BCA510038C617 /* BigButton.swift in Sources */,
				0FA657FF2D538A5E00BA1254 /* FinishedView.swift in Sources */,
				0F5DCFD62D54DBDE003E2361 /* FairiesView.swift in Sources */,
				0F460A022D4BCA510038C617 /* WelcomeView.swift in Sources */,
				7FA7B8472AEB238700363B53 /* IOSAppEntry.swift in Sources */,
			);
			runOnlyForDeploymentPostprocessing = 0;
		};
		7FA7B8542AEB243400363B53 /* Sources */ = {
			isa = PBXSourcesBuildPhase;
			buildActionMask = 2147483647;
			files = (
				7FA7B85E2AEB243400363B53 /* FilterDataProvider.swift in Sources */,
			);
			runOnlyForDeploymentPostprocessing = 0;
		};
		7FE743CE2C8F431500607876 /* Sources */ = {
			isa = PBXSourcesBuildPhase;
			buildActionMask = 2147483647;
			files = (
				7FE743D62C8F431500607876 /* FilterControlProvider.swift in Sources */,
			);
			runOnlyForDeploymentPostprocessing = 0;
		};
/* End PBXSourcesBuildPhase section */

/* Begin PBXTargetDependency section */
		7FA7B8622AEB243400363B53 /* PBXTargetDependency */ = {
			isa = PBXTargetDependency;
			target = 7FA7B8572AEB243400363B53 /* filter */;
			targetProxy = 7FA7B8612AEB243400363B53 /* PBXContainerItemProxy */;
		};
		7FE743DA2C8F431500607876 /* PBXTargetDependency */ = {
			isa = PBXTargetDependency;
			target = 7FE743D12C8F431500607876 /* controller */;
			targetProxy = 7FE743D92C8F431500607876 /* PBXContainerItemProxy */;
		};
/* End PBXTargetDependency section */

/* Begin XCBuildConfiguration section */
		7FA7B84F2AEB238800363B53 /* Debug */ = {
			isa = XCBuildConfiguration;
			buildSettings = {
				ALWAYS_SEARCH_USER_PATHS = NO;
				CLANG_ANALYZER_NONNULL = YES;
				CLANG_ANALYZER_NUMBER_OBJECT_CONVERSION = YES_AGGRESSIVE;
				CLANG_CXX_LANGUAGE_STANDARD = "gnu++20";
				CLANG_ENABLE_MODULES = YES;
				CLANG_ENABLE_OBJC_ARC = YES;
				CLANG_ENABLE_OBJC_WEAK = YES;
				CLANG_WARN_BLOCK_CAPTURE_AUTORELEASING = YES;
				CLANG_WARN_BOOL_CONVERSION = YES;
				CLANG_WARN_COMMA = YES;
				CLANG_WARN_CONSTANT_CONVERSION = YES;
				CLANG_WARN_DEPRECATED_OBJC_IMPLEMENTATIONS = YES;
				CLANG_WARN_DIRECT_OBJC_ISA_USAGE = YES_ERROR;
				CLANG_WARN_DOCUMENTATION_COMMENTS = YES;
				CLANG_WARN_EMPTY_BODY = YES;
				CLANG_WARN_ENUM_CONVERSION = YES;
				CLANG_WARN_INFINITE_RECURSION = YES;
				CLANG_WARN_INT_CONVERSION = YES;
				CLANG_WARN_NON_LITERAL_NULL_CONVERSION = YES;
				CLANG_WARN_OBJC_IMPLICIT_RETAIN_SELF = YES;
				CLANG_WARN_OBJC_LITERAL_CONVERSION = YES;
				CLANG_WARN_OBJC_ROOT_CLASS = YES_ERROR;
				CLANG_WARN_QUOTED_INCLUDE_IN_FRAMEWORK_HEADER = YES;
				CLANG_WARN_RANGE_LOOP_ANALYSIS = YES;
				CLANG_WARN_STRICT_PROTOTYPES = YES;
				CLANG_WARN_SUSPICIOUS_MOVE = YES;
				CLANG_WARN_UNGUARDED_AVAILABILITY = YES_AGGRESSIVE;
				CLANG_WARN_UNREACHABLE_CODE = YES;
				CLANG_WARN__DUPLICATE_METHOD_MATCH = YES;
				COPY_PHASE_STRIP = NO;
				DEBUG_INFORMATION_FORMAT = dwarf;
				ENABLE_STRICT_OBJC_MSGSEND = YES;
				ENABLE_TESTABILITY = YES;
				GCC_C_LANGUAGE_STANDARD = gnu11;
				GCC_DYNAMIC_NO_PIC = NO;
				GCC_NO_COMMON_BLOCKS = YES;
				GCC_OPTIMIZATION_LEVEL = 0;
				GCC_PREPROCESSOR_DEFINITIONS = (
					"DEBUG=1",
					"$(inherited)",
				);
				GCC_WARN_64_TO_32_BIT_CONVERSION = YES;
				GCC_WARN_ABOUT_RETURN_TYPE = YES_ERROR;
				GCC_WARN_UNDECLARED_SELECTOR = YES;
				GCC_WARN_UNINITIALIZED_AUTOS = YES_AGGRESSIVE;
				GCC_WARN_UNUSED_FUNCTION = YES;
				GCC_WARN_UNUSED_VARIABLE = YES;
				IPHONEOS_DEPLOYMENT_TARGET = 17.0;
				MTL_ENABLE_DEBUG_INFO = INCLUDE_SOURCE;
				MTL_FAST_MATH = YES;
				ONLY_ACTIVE_ARCH = YES;
				SDKROOT = iphoneos;
				SWIFT_ACTIVE_COMPILATION_CONDITIONS = DEBUG;
				SWIFT_OPTIMIZATION_LEVEL = "-Onone";
			};
			name = Debug;
		};
		7FA7B8502AEB238800363B53 /* Release */ = {
			isa = XCBuildConfiguration;
			buildSettings = {
				ALWAYS_SEARCH_USER_PATHS = NO;
				CLANG_ANALYZER_NONNULL = YES;
				CLANG_ANALYZER_NUMBER_OBJECT_CONVERSION = YES_AGGRESSIVE;
				CLANG_CXX_LANGUAGE_STANDARD = "gnu++20";
				CLANG_ENABLE_MODULES = YES;
				CLANG_ENABLE_OBJC_ARC = YES;
				CLANG_ENABLE_OBJC_WEAK = YES;
				CLANG_WARN_BLOCK_CAPTURE_AUTORELEASING = YES;
				CLANG_WARN_BOOL_CONVERSION = YES;
				CLANG_WARN_COMMA = YES;
				CLANG_WARN_CONSTANT_CONVERSION = YES;
				CLANG_WARN_DEPRECATED_OBJC_IMPLEMENTATIONS = YES;
				CLANG_WARN_DIRECT_OBJC_ISA_USAGE = YES_ERROR;
				CLANG_WARN_DOCUMENTATION_COMMENTS = YES;
				CLANG_WARN_EMPTY_BODY = YES;
				CLANG_WARN_ENUM_CONVERSION = YES;
				CLANG_WARN_INFINITE_RECURSION = YES;
				CLANG_WARN_INT_CONVERSION = YES;
				CLANG_WARN_NON_LITERAL_NULL_CONVERSION = YES;
				CLANG_WARN_OBJC_IMPLICIT_RETAIN_SELF = YES;
				CLANG_WARN_OBJC_LITERAL_CONVERSION = YES;
				CLANG_WARN_OBJC_ROOT_CLASS = YES_ERROR;
				CLANG_WARN_QUOTED_INCLUDE_IN_FRAMEWORK_HEADER = YES;
				CLANG_WARN_RANGE_LOOP_ANALYSIS = YES;
				CLANG_WARN_STRICT_PROTOTYPES = YES;
				CLANG_WARN_SUSPICIOUS_MOVE = YES;
				CLANG_WARN_UNGUARDED_AVAILABILITY = YES_AGGRESSIVE;
				CLANG_WARN_UNREACHABLE_CODE = YES;
				CLANG_WARN__DUPLICATE_METHOD_MATCH = YES;
				COPY_PHASE_STRIP = NO;
				DEBUG_INFORMATION_FORMAT = "dwarf-with-dsym";
				ENABLE_NS_ASSERTIONS = NO;
				ENABLE_STRICT_OBJC_MSGSEND = YES;
				GCC_C_LANGUAGE_STANDARD = gnu11;
				GCC_NO_COMMON_BLOCKS = YES;
				GCC_WARN_64_TO_32_BIT_CONVERSION = YES;
				GCC_WARN_ABOUT_RETURN_TYPE = YES_ERROR;
				GCC_WARN_UNDECLARED_SELECTOR = YES;
				GCC_WARN_UNINITIALIZED_AUTOS = YES_AGGRESSIVE;
				GCC_WARN_UNUSED_FUNCTION = YES;
				GCC_WARN_UNUSED_VARIABLE = YES;
				IPHONEOS_DEPLOYMENT_TARGET = 17.0;
				MTL_ENABLE_DEBUG_INFO = NO;
				MTL_FAST_MATH = YES;
				SDKROOT = iphoneos;
				SWIFT_COMPILATION_MODE = wholemodule;
				SWIFT_OPTIMIZATION_LEVEL = "-O";
				VALIDATE_PRODUCT = YES;
			};
			name = Release;
		};
		7FA7B8522AEB238800363B53 /* Debug */ = {
			isa = XCBuildConfiguration;
			baseConfigurationReference = 7FFB70602DF9D1AB00B04C17 /* Debug.xcconfig */;
			buildSettings = {
				ALWAYS_EMBED_SWIFT_STANDARD_LIBRARIES = YES;
				ASSETCATALOG_COMPILER_APPICON_NAME = AppIcon;
				ASSETCATALOG_COMPILER_GLOBAL_ACCENT_COLOR_NAME = AccentColor;
				ASSETCATALOG_COMPILER_INCLUDE_ALL_APPICON_ASSETS = NO;
				CODE_SIGN_ENTITLEMENTS = app/app.entitlements;
				CODE_SIGN_STYLE = Automatic;
				CURRENT_PROJECT_VERSION = 12;
				DEVELOPMENT_ASSET_PATHS = "\"app/Preview Content\"";
				DEVELOPMENT_TEAM = WFN83LM943;
				ENABLE_PREVIEWS = YES;
				GENERATE_INFOPLIST_FILE = YES;
				INFOPLIST_FILE = app/Info.plist;
				INFOPLIST_KEY_CFBundleDisplayName = Gertrude;
				INFOPLIST_KEY_UIApplicationSceneManifest_Generation = YES;
				INFOPLIST_KEY_UIApplicationSupportsIndirectInputEvents = YES;
				INFOPLIST_KEY_UILaunchStoryboardName = "Launch Screen.storyboard";
				INFOPLIST_KEY_UISupportedInterfaceOrientations_iPad = "UIInterfaceOrientationPortrait UIInterfaceOrientationPortraitUpsideDown UIInterfaceOrientationLandscapeLeft UIInterfaceOrientationLandscapeRight";
				INFOPLIST_KEY_UISupportedInterfaceOrientations_iPhone = UIInterfaceOrientationPortrait;
				IPHONEOS_DEPLOYMENT_TARGET = 17.0;
				LD_RUNPATH_SEARCH_PATHS = (
					"$(inherited)",
					"@executable_path/Frameworks",
				);
				MARKETING_VERSION = 1.3.1;
				PRODUCT_BUNDLE_IDENTIFIER = "com.netrivet.gertrude-ios.app";
				PRODUCT_NAME = "$(TARGET_NAME)";
				SUPPORTED_PLATFORMS = "iphoneos iphonesimulator";
				SUPPORTS_MACCATALYST = NO;
				SUPPORTS_MAC_DESIGNED_FOR_IPHONE_IPAD = NO;
				SUPPORTS_XR_DESIGNED_FOR_IPHONE_IPAD = NO;
				SWIFT_EMIT_LOC_STRINGS = YES;
				SWIFT_VERSION = 5.0;
				TARGETED_DEVICE_FAMILY = "1,2";
			};
			name = Debug;
		};
		7FA7B8532AEB238800363B53 /* Release */ = {
			isa = XCBuildConfiguration;
			baseConfigurationReference = 7FFB705E2DF9D17900B04C17 /* Release.xcconfig */;
			buildSettings = {
				ALWAYS_EMBED_SWIFT_STANDARD_LIBRARIES = YES;
				ASSETCATALOG_COMPILER_APPICON_NAME = AppIcon;
				ASSETCATALOG_COMPILER_GLOBAL_ACCENT_COLOR_NAME = AccentColor;
				ASSETCATALOG_COMPILER_INCLUDE_ALL_APPICON_ASSETS = NO;
				CODE_SIGN_ENTITLEMENTS = app/app.entitlements;
				CODE_SIGN_STYLE = Automatic;
				CURRENT_PROJECT_VERSION = 12;
				DEVELOPMENT_ASSET_PATHS = "\"app/Preview Content\"";
				DEVELOPMENT_TEAM = WFN83LM943;
				ENABLE_PREVIEWS = YES;
				GENERATE_INFOPLIST_FILE = YES;
				INFOPLIST_FILE = app/Info.plist;
				INFOPLIST_KEY_CFBundleDisplayName = Gertrude;
				INFOPLIST_KEY_UIApplicationSceneManifest_Generation = YES;
				INFOPLIST_KEY_UIApplicationSupportsIndirectInputEvents = YES;
				INFOPLIST_KEY_UILaunchStoryboardName = "Launch Screen.storyboard";
				INFOPLIST_KEY_UISupportedInterfaceOrientations_iPad = "UIInterfaceOrientationPortrait UIInterfaceOrientationPortraitUpsideDown UIInterfaceOrientationLandscapeLeft UIInterfaceOrientationLandscapeRight";
				INFOPLIST_KEY_UISupportedInterfaceOrientations_iPhone = UIInterfaceOrientationPortrait;
				IPHONEOS_DEPLOYMENT_TARGET = 17.0;
				LD_RUNPATH_SEARCH_PATHS = (
					"$(inherited)",
					"@executable_path/Frameworks",
				);
				MARKETING_VERSION = 1.3.1;
				PRODUCT_BUNDLE_IDENTIFIER = "com.netrivet.gertrude-ios.app";
				PRODUCT_NAME = "$(TARGET_NAME)";
				SUPPORTED_PLATFORMS = "iphoneos iphonesimulator";
				SUPPORTS_MACCATALYST = NO;
				SUPPORTS_MAC_DESIGNED_FOR_IPHONE_IPAD = NO;
				SUPPORTS_XR_DESIGNED_FOR_IPHONE_IPAD = NO;
				SWIFT_EMIT_LOC_STRINGS = YES;
				SWIFT_VERSION = 5.0;
				TARGETED_DEVICE_FAMILY = "1,2";
			};
			name = Release;
		};
		7FA7B8652AEB243400363B53 /* Debug */ = {
			isa = XCBuildConfiguration;
			buildSettings = {
				CODE_SIGN_ENTITLEMENTS = filter/filter.entitlements;
				CODE_SIGN_STYLE = Automatic;
				CURRENT_PROJECT_VERSION = 12;
				DEVELOPMENT_TEAM = WFN83LM943;
				GENERATE_INFOPLIST_FILE = YES;
				INFOPLIST_FILE = filter/Info.plist;
				INFOPLIST_KEY_CFBundleDisplayName = filter;
				INFOPLIST_KEY_NSHumanReadableCopyright = "";
				IPHONEOS_DEPLOYMENT_TARGET = 17.0;
				LD_RUNPATH_SEARCH_PATHS = (
					"$(inherited)",
					"@executable_path/Frameworks",
					"@executable_path/../../Frameworks",
				);
				MARKETING_VERSION = 1.3.1;
				PRODUCT_BUNDLE_IDENTIFIER = "com.netrivet.gertrude-ios.app.filter";
				PRODUCT_NAME = "$(TARGET_NAME)";
				SKIP_INSTALL = YES;
				SUPPORTED_PLATFORMS = "iphoneos iphonesimulator";
				SUPPORTS_MACCATALYST = NO;
				SUPPORTS_XR_DESIGNED_FOR_IPHONE_IPAD = NO;
				SWIFT_EMIT_LOC_STRINGS = YES;
				SWIFT_VERSION = 5.0;
				TARGETED_DEVICE_FAMILY = "1,2";
			};
			name = Debug;
		};
		7FA7B8662AEB243400363B53 /* Release */ = {
			isa = XCBuildConfiguration;
			buildSettings = {
				CODE_SIGN_ENTITLEMENTS = filter/filter.entitlements;
				CODE_SIGN_STYLE = Automatic;
				CURRENT_PROJECT_VERSION = 12;
				DEVELOPMENT_TEAM = WFN83LM943;
				GENERATE_INFOPLIST_FILE = YES;
				INFOPLIST_FILE = filter/Info.plist;
				INFOPLIST_KEY_CFBundleDisplayName = filter;
				INFOPLIST_KEY_NSHumanReadableCopyright = "";
				IPHONEOS_DEPLOYMENT_TARGET = 17.0;
				LD_RUNPATH_SEARCH_PATHS = (
					"$(inherited)",
					"@executable_path/Frameworks",
					"@executable_path/../../Frameworks",
				);
				MARKETING_VERSION = 1.3.1;
				PRODUCT_BUNDLE_IDENTIFIER = "com.netrivet.gertrude-ios.app.filter";
				PRODUCT_NAME = "$(TARGET_NAME)";
				SKIP_INSTALL = YES;
				SUPPORTED_PLATFORMS = "iphoneos iphonesimulator";
				SUPPORTS_MACCATALYST = NO;
				SUPPORTS_XR_DESIGNED_FOR_IPHONE_IPAD = NO;
				SWIFT_EMIT_LOC_STRINGS = YES;
				SWIFT_VERSION = 5.0;
				TARGETED_DEVICE_FAMILY = "1,2";
			};
			name = Release;
		};
		7FE743DD2C8F431500607876 /* Debug */ = {
			isa = XCBuildConfiguration;
			buildSettings = {
				ASSETCATALOG_COMPILER_GENERATE_SWIFT_ASSET_SYMBOL_EXTENSIONS = YES;
				CODE_SIGN_ENTITLEMENTS = controller/controller.entitlements;
				CODE_SIGN_STYLE = Automatic;
				CURRENT_PROJECT_VERSION = 12;
				DEVELOPMENT_TEAM = WFN83LM943;
				ENABLE_USER_SCRIPT_SANDBOXING = YES;
				GCC_C_LANGUAGE_STANDARD = gnu17;
				GENERATE_INFOPLIST_FILE = YES;
				INFOPLIST_FILE = controller/Info.plist;
				INFOPLIST_KEY_CFBundleDisplayName = controller;
				INFOPLIST_KEY_NSHumanReadableCopyright = "";
				IPHONEOS_DEPLOYMENT_TARGET = 17.0;
				LD_RUNPATH_SEARCH_PATHS = (
					"$(inherited)",
					"@executable_path/Frameworks",
					"@executable_path/../../Frameworks",
				);
				LOCALIZATION_PREFERS_STRING_CATALOGS = YES;
				MARKETING_VERSION = 1.3.1;
				PRODUCT_BUNDLE_IDENTIFIER = "com.netrivet.gertrude-ios.app.controller";
				PRODUCT_NAME = "$(TARGET_NAME)";
				SKIP_INSTALL = YES;
				SUPPORTED_PLATFORMS = "iphoneos iphonesimulator";
				SUPPORTS_MACCATALYST = NO;
				SUPPORTS_MAC_DESIGNED_FOR_IPHONE_IPAD = NO;
				SUPPORTS_XR_DESIGNED_FOR_IPHONE_IPAD = NO;
				SWIFT_ACTIVE_COMPILATION_CONDITIONS = "DEBUG $(inherited)";
				SWIFT_EMIT_LOC_STRINGS = YES;
				SWIFT_VERSION = 5.0;
				TARGETED_DEVICE_FAMILY = "1,2";
			};
			name = Debug;
		};
		7FE743DE2C8F431500607876 /* Release */ = {
			isa = XCBuildConfiguration;
			buildSettings = {
				ASSETCATALOG_COMPILER_GENERATE_SWIFT_ASSET_SYMBOL_EXTENSIONS = YES;
				CODE_SIGN_ENTITLEMENTS = controller/controller.entitlements;
				CODE_SIGN_STYLE = Automatic;
				CURRENT_PROJECT_VERSION = 12;
				DEVELOPMENT_TEAM = WFN83LM943;
				ENABLE_USER_SCRIPT_SANDBOXING = YES;
				GCC_C_LANGUAGE_STANDARD = gnu17;
				GENERATE_INFOPLIST_FILE = YES;
				INFOPLIST_FILE = controller/Info.plist;
				INFOPLIST_KEY_CFBundleDisplayName = controller;
				INFOPLIST_KEY_NSHumanReadableCopyright = "";
				IPHONEOS_DEPLOYMENT_TARGET = 17.0;
				LD_RUNPATH_SEARCH_PATHS = (
					"$(inherited)",
					"@executable_path/Frameworks",
					"@executable_path/../../Frameworks",
				);
				LOCALIZATION_PREFERS_STRING_CATALOGS = YES;
				MARKETING_VERSION = 1.3.1;
				PRODUCT_BUNDLE_IDENTIFIER = "com.netrivet.gertrude-ios.app.controller";
				PRODUCT_NAME = "$(TARGET_NAME)";
				SKIP_INSTALL = YES;
				SUPPORTED_PLATFORMS = "iphoneos iphonesimulator";
				SUPPORTS_MACCATALYST = NO;
				SUPPORTS_MAC_DESIGNED_FOR_IPHONE_IPAD = NO;
				SUPPORTS_XR_DESIGNED_FOR_IPHONE_IPAD = NO;
				SWIFT_EMIT_LOC_STRINGS = YES;
				SWIFT_VERSION = 5.0;
				TARGETED_DEVICE_FAMILY = "1,2";
			};
			name = Release;
		};
/* End XCBuildConfiguration section */

/* Begin XCConfigurationList section */
		7FA7B83E2AEB238700363B53 /* Build configuration list for PBXProject "Gertrude-iOS" */ = {
			isa = XCConfigurationList;
			buildConfigurations = (
				7FA7B84F2AEB238800363B53 /* Debug */,
				7FA7B8502AEB238800363B53 /* Release */,
			);
			defaultConfigurationIsVisible = 0;
			defaultConfigurationName = Release;
		};
		7FA7B8512AEB238800363B53 /* Build configuration list for PBXNativeTarget "app" */ = {
			isa = XCConfigurationList;
			buildConfigurations = (
				7FA7B8522AEB238800363B53 /* Debug */,
				7FA7B8532AEB238800363B53 /* Release */,
			);
			defaultConfigurationIsVisible = 0;
			defaultConfigurationName = Release;
		};
		7FA7B8642AEB243400363B53 /* Build configuration list for PBXNativeTarget "filter" */ = {
			isa = XCConfigurationList;
			buildConfigurations = (
				7FA7B8652AEB243400363B53 /* Debug */,
				7FA7B8662AEB243400363B53 /* Release */,
			);
			defaultConfigurationIsVisible = 0;
			defaultConfigurationName = Release;
		};
		7FE743DC2C8F431500607876 /* Build configuration list for PBXNativeTarget "controller" */ = {
			isa = XCConfigurationList;
			buildConfigurations = (
				7FE743DD2C8F431500607876 /* Debug */,
				7FE743DE2C8F431500607876 /* Release */,
			);
			defaultConfigurationIsVisible = 0;
			defaultConfigurationName = Release;
		};
/* End XCConfigurationList section */

/* Begin XCLocalSwiftPackageReference section */
		0FAAAEC02D4BCFDF008EF174 /* XCLocalSwiftPackageReference "lib-ios" */ = {
			isa = XCLocalSwiftPackageReference;
			relativePath = "lib-ios";
		};
/* End XCLocalSwiftPackageReference section */

/* Begin XCRemoteSwiftPackageReference section */
		0FAD76452D4D158E009A6FA6 /* XCRemoteSwiftPackageReference "swift-composable-architecture" */ = {
			isa = XCRemoteSwiftPackageReference;
			repositoryURL = "https://github.com/pointfreeco/swift-composable-architecture";
			requirement = {
				kind = upToNextMajorVersion;
				minimumVersion = 1.17.1;
			};
		};
/* End XCRemoteSwiftPackageReference section */

/* Begin XCSwiftPackageProductDependency section */
		0FAD76462D4D158E009A6FA6 /* ComposableArchitecture */ = {
			isa = XCSwiftPackageProductDependency;
			package = 0FAD76452D4D158E009A6FA6 /* XCRemoteSwiftPackageReference "swift-composable-architecture" */;
			productName = ComposableArchitecture;
		};
		0FAD764A2D4D2916009A6FA6 /* LibCore */ = {
			isa = XCSwiftPackageProductDependency;
			productName = LibCore;
		};
		0FAD764C2D4D291D009A6FA6 /* LibController */ = {
			isa = XCSwiftPackageProductDependency;
			productName = LibController;
		};
		0FAD764E2D4D292E009A6FA6 /* LibFilter */ = {
			isa = XCSwiftPackageProductDependency;
			productName = LibFilter;
		};
		0FAD76502D4D295B009A6FA6 /* LibClients */ = {
			isa = XCSwiftPackageProductDependency;
			productName = LibClients;
		};
		7F6CB8DF2D6640BB009E4672 /* LibApp */ = {
			isa = XCSwiftPackageProductDependency;
			package = 0FAAAEC02D4BCFDF008EF174 /* XCLocalSwiftPackageReference "lib-ios" */;
			productName = LibApp;
		};
/* End XCSwiftPackageProductDependency section */
	};
	rootObject = 7FA7B83B2AEB238700363B53 /* Project object */;
}
