{
  "originHash" : "279265f3e3d73b005b45221c0a7af1961e728c1aa30bd6e356f1f6ee73b4325d",
  "pins" : [
    {
      "identity" : "async-http-client",
      "kind" : "remoteSourceControl",
      "location" : "https://github.com/swift-server/async-http-client.git",
      "state" : {
        "revision" : "333f51104b75d1a5b94cb3b99e4c58a3b442c9f7",
        "version" : "1.25.2"
      }
    },
    {
      "identity" : "async-kit",
      "kind" : "remoteSourceControl",
      "location" : "https://github.com/vapor/async-kit.git",
      "state" : {
        "revision" : "e048c8ee94967e8d8a1c2ec0e1156d6f7fa34d31",
        "version" : "1.20.0"
      }
    },
    {
      "identity" : "combine-schedulers",
      "kind" : "remoteSourceControl",
      "location" : "https://github.com/pointfreeco/combine-schedulers",
      "state" : {
        "revision" : "fd16d76fd8b9a976d88bfb6cacc05ca8d19c91b6",
        "version" : "1.1.0"
      }
    },
    {
      "identity" : "console-kit",
      "kind" : "remoteSourceControl",
      "location" : "https://github.com/vapor/console-kit.git",
      "state" : {
        "revision" : "742f624a998cba2a9e653d9b1e91ad3f3a5dff6b",
        "version" : "4.15.2"
      }
    },
    {
      "identity" : "fluent",
      "kind" : "remoteSourceControl",
      "location" : "https://github.com/vapor/fluent.git",
      "state" : {
        "revision" : "dfcbeba27a576c20ff181d496f21ecd45d2c1a71",
        "version" : "4.11.0"
      }
    },
    {
      "identity" : "fluent-kit",
      "kind" : "remoteSourceControl",
      "location" : "https://github.com/vapor/fluent-kit.git",
      "state" : {
        "revision" : "614d3ec27cdef50cfb9fc3cfd382b6a4d9578cff",
        "version" : "1.49.0"
      }
    },
    {
      "identity" : "fluent-postgres-driver",
      "kind" : "remoteSourceControl",
      "location" : "https://github.com/vapor/fluent-postgres-driver.git",
      "state" : {
        "revision" : "e2988a8c960196eca2891f3a0bb1caad9044e7ea",
        "version" : "2.9.2"
      }
    },
    {
      "identity" : "multipart-kit",
      "kind" : "remoteSourceControl",
      "location" : "https://github.com/vapor/multipart-kit.git",
      "state" : {
        "revision" : "3498e60218e6003894ff95192d756e238c01f44e",
        "version" : "4.7.1"
      }
    },
    {
      "identity" : "postgres-kit",
      "kind" : "remoteSourceControl",
      "location" : "https://github.com/vapor/postgres-kit.git",
      "state" : {
        "revision" : "75004d9ca058333e20af41b95f14a034c3f5ca51",
        "version" : "2.13.4"
      }
    },
    {
      "identity" : "postgres-nio",
      "kind" : "remoteSourceControl",
      "location" : "https://github.com/vapor/postgres-nio.git",
      "state" : {
        "revision" : "4795a0b0762c5cca843a720969c9dfee378e5120",
        "version" : "1.29.0"
      }
    },
    {
      "identity" : "queues",
      "kind" : "remoteSourceControl",
      "location" : "https://github.com/vapor/queues.git",
      "state" : {
        "revision" : "f1764d5fef7e8ede8f3585deb63ece01ea25c2db",
        "version" : "1.17.2"
      }
    },
    {
      "identity" : "rainbow",
      "kind" : "remoteSourceControl",
      "location" : "https://github.com/onevcat/Rainbow.git",
      "state" : {
        "revision" : "e0dada9cd44e3fa7ec3b867e49a8ddbf543e3df3",
        "version" : "4.0.1"
      }
    },
    {
      "identity" : "routing-kit",
      "kind" : "remoteSourceControl",
      "location" : "https://github.com/vapor/routing-kit.git",
      "state" : {
        "revision" : "8c9a227476555c55837e569be71944e02a056b72",
        "version" : "4.9.1"
      }
    },
    {
      "identity" : "runtime",
      "kind" : "remoteSourceControl",
      "location" : "https://github.com/wickwirew/Runtime.git",
      "state" : {
        "revision" : "b90e9ab1c66a964a9edf32fe38ea2774c0e5821b",
        "version" : "2.2.7"
      }
    },
    {
      "identity" : "sql-kit",
      "kind" : "remoteSourceControl",
      "location" : "https://github.com/vapor/sql-kit.git",
      "state" : {
        "revision" : "1a9ab0523fb742d9629558cede64290165c4285b",
        "version" : "3.33.2"
      }
    },
    {
      "identity" : "swift-algorithms",
      "kind" : "remoteSourceControl",
      "location" : "https://github.com/apple/swift-algorithms.git",
      "state" : {
        "revision" : "87e50f483c54e6efd60e885f7f5aa946cee68023",
        "version" : "1.2.1"
      }
    },
    {
      "identity" : "swift-asn1",
      "kind" : "remoteSourceControl",
      "location" : "https://github.com/apple/swift-asn1.git",
      "state" : {
        "revision" : "40d25bbb2fc5b557a9aa8512210bded327c0f60d",
        "version" : "1.5.0"
      }
    },
    {
      "identity" : "swift-async-algorithms",
      "kind" : "remoteSourceControl",
      "location" : "https://github.com/apple/swift-async-algorithms.git",
      "state" : {
        "revision" : "042e1c4d9d19748c9c228f8d4ebc97bb1e339b0b",
        "version" : "1.0.4"
      }
    },
    {
      "identity" : "swift-atomics",
      "kind" : "remoteSourceControl",
      "location" : "https://github.com/apple/swift-atomics.git",
      "state" : {
        "revision" : "cd142fd2f64be2100422d658e7411e39489da985",
        "version" : "1.2.0"
      }
    },
    {
      "identity" : "swift-case-paths",
      "kind" : "remoteSourceControl",
      "location" : "https://github.com/pointfreeco/swift-case-paths",
      "state" : {
        "revision" : "5da6989aae464f324eef5c5b52bdb7974725ab81",
        "version" : "1.0.0"
      }
    },
    {
      "identity" : "swift-certificates",
      "kind" : "remoteSourceControl",
      "location" : "https://github.com/apple/swift-certificates.git",
      "state" : {
        "revision" : "c399f90e7bbe8874f6cbfda1d5f9023d1f5ce122",
        "version" : "1.15.1"
      }
    },
    {
      "identity" : "swift-clocks",
      "kind" : "remoteSourceControl",
      "location" : "https://github.com/pointfreeco/swift-clocks",
      "state" : {
        "revision" : "cc46202b53476d64e824e0b6612da09d84ffde8e",
        "version" : "1.0.6"
      }
    },
    {
      "identity" : "swift-collections",
      "kind" : "remoteSourceControl",
      "location" : "https://github.com/apple/swift-collections.git",
      "state" : {
        "revision" : "671108c96644956dddcd89dd59c203dcdb36cec7",
        "version" : "1.1.4"
      }
    },
    {
      "identity" : "swift-concurrency-extras",
      "kind" : "remoteSourceControl",
      "location" : "https://github.com/pointfreeco/swift-concurrency-extras.git",
      "state" : {
        "revision" : "bb5059bde9022d69ac516803f4f227d8ac967f71",
        "version" : "1.1.0"
      }
    },
    {
      "identity" : "swift-crypto",
      "kind" : "remoteSourceControl",
      "location" : "https://github.com/apple/swift-crypto.git",
      "state" : {
        "revision" : "e8ed8867ec23bccf5f3bb9342148fa8deaff9b49",
        "version" : "4.1.0"
      }
    },
    {
      "identity" : "swift-custom-dump",
      "kind" : "remoteSourceControl",
      "location" : "https://github.com/pointfreeco/swift-custom-dump",
      "state" : {
        "revision" : "aec6a73f5c1dc1f1be4f61888094b95cf995d973",
        "version" : "1.3.2"
      }
    },
    {
      "identity" : "swift-dependencies",
      "kind" : "remoteSourceControl",
      "location" : "https://github.com/pointfreeco/swift-dependencies.git",
      "state" : {
        "revision" : "4e1eb6e28afe723286d8cc60611237ffbddba7c5",
        "version" : "1.0.0"
      }
    },
    {
      "identity" : "swift-distributed-tracing",
      "kind" : "remoteSourceControl",
      "location" : "https://github.com/apple/swift-distributed-tracing.git",
      "state" : {
        "revision" : "baa932c1336f7894145cbaafcd34ce2dd0b77c97",
        "version" : "1.3.1"
      }
    },
    {
      "identity" : "swift-http-types",
      "kind" : "remoteSourceControl",
      "location" : "https://github.com/apple/swift-http-types.git",
      "state" : {
        "revision" : "ae67c8178eb46944fd85e4dc6dd970e1f3ed6ccd",
        "version" : "1.3.0"
      }
    },
    {
      "identity" : "swift-log",
      "kind" : "remoteSourceControl",
      "location" : "https://github.com/apple/swift-log.git",
      "state" : {
        "revision" : "9cb486020ebf03bfa5b5df985387a14a98744537",
        "version" : "1.6.1"
      }
    },
    {
      "identity" : "swift-metrics",
      "kind" : "remoteSourceControl",
      "location" : "https://github.com/apple/swift-metrics.git",
      "state" : {
        "revision" : "0743a9364382629da3bf5677b46a2c4b1ce5d2a6",
        "version" : "2.7.1"
      }
    },
    {
      "identity" : "swift-nio",
      "kind" : "remoteSourceControl",
      "location" : "https://github.com/apple/swift-nio.git",
      "state" : {
        "revision" : "3eea09220e07d34ace722221cbda90306f48c86c",
        "version" : "2.90.1"
      }
    },
    {
      "identity" : "swift-nio-extras",
      "kind" : "remoteSourceControl",
      "location" : "https://github.com/apple/swift-nio-extras.git",
      "state" : {
        "revision" : "d1ead62745cc3269e482f1c51f27608057174379",
        "version" : "1.24.0"
      }
    },
    {
      "identity" : "swift-nio-http2",
      "kind" : "remoteSourceControl",
      "location" : "https://github.com/apple/swift-nio-http2.git",
      "state" : {
        "revision" : "b5f7062b60e4add1e8c343ba4eb8da2e324b3a94",
        "version" : "1.34.0"
      }
    },
    {
      "identity" : "swift-nio-ssl",
      "kind" : "remoteSourceControl",
      "location" : "https://github.com/apple/swift-nio-ssl.git",
      "state" : {
        "revision" : "173cc69a058623525a58ae6710e2f5727c663793",
        "version" : "2.36.0"
      }
    },
    {
      "identity" : "swift-nio-transport-services",
      "kind" : "remoteSourceControl",
      "location" : "https://github.com/apple/swift-nio-transport-services.git",
      "state" : {
        "revision" : "38ac8221dd20674682148d6451367f89c2652980",
        "version" : "1.21.0"
      }
    },
    {
      "identity" : "swift-numerics",
      "kind" : "remoteSourceControl",
      "location" : "https://github.com/apple/swift-numerics.git",
      "state" : {
        "revision" : "0a5bc04095a675662cf24757cc0640aa2204253b",
        "version" : "1.0.2"
      }
    },
    {
      "identity" : "swift-parsing",
      "kind" : "remoteSourceControl",
      "location" : "https://github.com/pointfreeco/swift-parsing",
      "state" : {
        "revision" : "a0e7d73f462c1c38c59dc40a3969ac40cea42950",
        "version" : "0.13.0"
      }
    },
    {
      "identity" : "swift-service-context",
      "kind" : "remoteSourceControl",
      "location" : "https://github.com/apple/swift-service-context.git",
      "state" : {
        "revision" : "1983448fefc717a2bc2ebde5490fe99873c5b8a6",
        "version" : "1.2.1"
      }
    },
    {
      "identity" : "swift-service-lifecycle",
      "kind" : "remoteSourceControl",
      "location" : "https://github.com/swift-server/swift-service-lifecycle.git",
      "state" : {
        "revision" : "1de37290c0ab3c5a96028e0f02911b672fd42348",
        "version" : "2.9.1"
      }
    },
    {
      "identity" : "swift-system",
      "kind" : "remoteSourceControl",
      "location" : "https://github.com/apple/swift-system.git",
      "state" : {
        "revision" : "395a77f0aa927f0ff73941d7ac35f2b46d47c9db",
        "version" : "1.6.3"
      }
    },
    {
      "identity" : "swift-tagged",
      "kind" : "remoteSourceControl",
      "location" : "https://github.com/jaredh159/swift-tagged.git",
      "state" : {
        "revision" : "cb4284055f6e9cc5576ff9be13723b3a039905a5",
        "version" : "0.8.2"
      }
    },
    {
      "identity" : "swift-url-routing",
      "kind" : "remoteSourceControl",
      "location" : "https://github.com/gertrude-app/swift-url-routing",
      "state" : {
        "branch" : "1cf1ca6",
        "revision" : "1cf1ca67f4a4e442a599473e320049a85cd31588"
      }
    },
    {
      "identity" : "vapor",
      "kind" : "remoteSourceControl",
      "location" : "https://github.com/vapor/vapor.git",
      "state" : {
        "revision" : "ac3aeb7730b63f4f54248603c38137b551b465c7",
        "version" : "4.119.1"
      }
    },
    {
      "identity" : "vapor-queues-fluent-driver",
      "kind" : "remoteSourceControl",
      "location" : "https://github.com/m-barthelemy/vapor-queues-fluent-driver.git",
      "state" : {
        "revision" : "e2ce6775850bdbe277cb2e5792d05eff42434f52",
        "version" : "3.0.0-beta1"
      }
    },
    {
      "identity" : "vapor-routing",
      "kind" : "remoteSourceControl",
      "location" : "https://github.com/gertrude-app/vapor-routing",
      "state" : {
        "branch" : "8e1028d",
        "revision" : "8e1028df0443efb7e978cd15ddbdd98fce0573a3"
      }
    },
    {
      "identity" : "websocket-kit",
      "kind" : "remoteSourceControl",
      "location" : "https://github.com/vapor/websocket-kit.git",
      "state" : {
        "revision" : "4232d34efa49f633ba61afde365d3896fc7f8740",
        "version" : "2.15.0"
      }
    },
    {
      "identity" : "xctest-dynamic-overlay",
      "kind" : "remoteSourceControl",
      "location" : "https://github.com/pointfreeco/xctest-dynamic-overlay",
      "state" : {
        "revision" : "770f990d3e4eececb57ac04a6076e22f8c97daeb",
        "version" : "1.4.2"
      }
    }
  ],
  "version" : 3
}
